// !$*UTF8*$!
{
	archiveVersion = 1;
	classes = {
	};
	objectVersion = 50;
	objects = {

/* Begin PBXBuildFile section */
		7D45C3E5223D707200D35681 /* Results.swift in Sources */ = {isa = PBXBuildFile; fileRef = 7D45C3E4223D707200D35681 /* Results.swift */; };
		7D901E73223D6B650098F3BD /* AppDelegate.swift in Sources */ = {isa = PBXBuildFile; fileRef = 7D901E72223D6B650098F3BD /* AppDelegate.swift */; };
		7D901E78223D6B650098F3BD /* Main.storyboard in Resources */ = {isa = PBXBuildFile; fileRef = 7D901E76223D6B650098F3BD /* Main.storyboard */; };
		7D901E7A223D6B670098F3BD /* Assets.xcassets in Resources */ = {isa = PBXBuildFile; fileRef = 7D901E79223D6B670098F3BD /* Assets.xcassets */; };
		7D901E7D223D6B670098F3BD /* LaunchScreen.storyboard in Resources */ = {isa = PBXBuildFile; fileRef = 7D901E7B223D6B670098F3BD /* LaunchScreen.storyboard */; };
		7D901E88223D6B670098F3BD /* TableWithURLSongsTests.swift in Sources */ = {isa = PBXBuildFile; fileRef = 7D901E87223D6B670098F3BD /* TableWithURLSongsTests.swift */; };
		7D901E93223D6B670098F3BD /* TableWithURLSongsUITests.swift in Sources */ = {isa = PBXBuildFile; fileRef = 7D901E92223D6B670098F3BD /* TableWithURLSongsUITests.swift */; };
		7D901EA1223D6C490098F3BD /* tableTracks.swift in Sources */ = {isa = PBXBuildFile; fileRef = 7D901EA0223D6C490098F3BD /* tableTracks.swift */; };
		7D901EA3223D6D8F0098F3BD /* Extensions.swift in Sources */ = {isa = PBXBuildFile; fileRef = 7D901EA2223D6D8F0098F3BD /* Extensions.swift */; };
/* End PBXBuildFile section */

/* Begin PBXContainerItemProxy section */
		7D901E84223D6B670098F3BD /* PBXContainerItemProxy */ = {
			isa = PBXContainerItemProxy;
			containerPortal = 7D901E67223D6B650098F3BD /* Project object */;
			proxyType = 1;
			remoteGlobalIDString = 7D901E6E223D6B650098F3BD;
			remoteInfo = TableWithURLSongs;
		};
		7D901E8F223D6B670098F3BD /* PBXContainerItemProxy */ = {
			isa = PBXContainerItemProxy;
			containerPortal = 7D901E67223D6B650098F3BD /* Project object */;
			proxyType = 1;
			remoteGlobalIDString = 7D901E6E223D6B650098F3BD;
			remoteInfo = TableWithURLSongs;
		};
/* End PBXContainerItemProxy section */

/* Begin PBXFileReference section */
		7D45C3E4223D707200D35681 /* Results.swift */ = {isa = PBXFileReference; lastKnownFileType = sourcecode.swift; path = Results.swift; sourceTree = "<group>"; };
		7D901E6F223D6B650098F3BD /* TableWithURLSongs.app */ = {isa = PBXFileReference; explicitFileType = wrapper.application; includeInIndex = 0; path = TableWithURLSongs.app; sourceTree = BUILT_PRODUCTS_DIR; };
		7D901E72223D6B650098F3BD /* AppDelegate.swift */ = {isa = PBXFileReference; lastKnownFileType = sourcecode.swift; path = AppDelegate.swift; sourceTree = "<group>"; };
		7D901E77223D6B650098F3BD /* Base */ = {isa = PBXFileReference; lastKnownFileType = file.storyboard; name = Base; path = Base.lproj/Main.storyboard; sourceTree = "<group>"; };
		7D901E79223D6B670098F3BD /* Assets.xcassets */ = {isa = PBXFileReference; lastKnownFileType = folder.assetcatalog; path = Assets.xcassets; sourceTree = "<group>"; };
		7D901E7C223D6B670098F3BD /* Base */ = {isa = PBXFileReference; lastKnownFileType = file.storyboard; name = Base; path = Base.lproj/LaunchScreen.storyboard; sourceTree = "<group>"; };
		7D901E7E223D6B670098F3BD /* Info.plist */ = {isa = PBXFileReference; lastKnownFileType = text.plist.xml; path = Info.plist; sourceTree = "<group>"; };
		7D901E83223D6B670098F3BD /* TableWithURLSongsTests.xctest */ = {isa = PBXFileReference; explicitFileType = wrapper.cfbundle; includeInIndex = 0; path = TableWithURLSongsTests.xctest; sourceTree = BUILT_PRODUCTS_DIR; };
		7D901E87223D6B670098F3BD /* TableWithURLSongsTests.swift */ = {isa = PBXFileReference; lastKnownFileType = sourcecode.swift; path = TableWithURLSongsTests.swift; sourceTree = "<group>"; };
		7D901E89223D6B670098F3BD /* Info.plist */ = {isa = PBXFileReference; lastKnownFileType = text.plist.xml; path = Info.plist; sourceTree = "<group>"; };
		7D901E8E223D6B670098F3BD /* TableWithURLSongsUITests.xctest */ = {isa = PBXFileReference; explicitFileType = wrapper.cfbundle; includeInIndex = 0; path = TableWithURLSongsUITests.xctest; sourceTree = BUILT_PRODUCTS_DIR; };
		7D901E92223D6B670098F3BD /* TableWithURLSongsUITests.swift */ = {isa = PBXFileReference; lastKnownFileType = sourcecode.swift; path = TableWithURLSongsUITests.swift; sourceTree = "<group>"; };
		7D901E94223D6B670098F3BD /* Info.plist */ = {isa = PBXFileReference; lastKnownFileType = text.plist.xml; path = Info.plist; sourceTree = "<group>"; };
		7D901EA0223D6C490098F3BD /* tableTracks.swift */ = {isa = PBXFileReference; lastKnownFileType = sourcecode.swift; path = tableTracks.swift; sourceTree = "<group>"; };
		7D901EA2223D6D8F0098F3BD /* Extensions.swift */ = {isa = PBXFileReference; lastKnownFileType = sourcecode.swift; path = Extensions.swift; sourceTree = "<group>"; };
/* End PBXFileReference section */

/* Begin PBXFrameworksBuildPhase section */
		7D901E6C223D6B650098F3BD /* Frameworks */ = {
			isa = PBXFrameworksBuildPhase;
			buildActionMask = 2147483647;
			files = (
			);
			runOnlyForDeploymentPostprocessing = 0;
		};
		7D901E80223D6B670098F3BD /* Frameworks */ = {
			isa = PBXFrameworksBuildPhase;
			buildActionMask = 2147483647;
			files = (
			);
			runOnlyForDeploymentPostprocessing = 0;
		};
		7D901E8B223D6B670098F3BD /* Frameworks */ = {
			isa = PBXFrameworksBuildPhase;
			buildActionMask = 2147483647;
			files = (
			);
			runOnlyForDeploymentPostprocessing = 0;
		};
/* End PBXFrameworksBuildPhase section */

/* Begin PBXGroup section */
		7D901E66223D6B650098F3BD = {
			isa = PBXGroup;
			children = (
				7D901E71223D6B650098F3BD /* TableWithURLSongs */,
				7D901E86223D6B670098F3BD /* TableWithURLSongsTests */,
				7D901E91223D6B670098F3BD /* TableWithURLSongsUITests */,
				7D901E70223D6B650098F3BD /* Products */,
			);
			sourceTree = "<group>";
		};
		7D901E70223D6B650098F3BD /* Products */ = {
			isa = PBXGroup;
			children = (
				7D901E6F223D6B650098F3BD /* TableWithURLSongs.app */,
				7D901E83223D6B670098F3BD /* TableWithURLSongsTests.xctest */,
				7D901E8E223D6B670098F3BD /* TableWithURLSongsUITests.xctest */,
			);
			name = Products;
			sourceTree = "<group>";
		};
		7D901E71223D6B650098F3BD /* TableWithURLSongs */ = {
			isa = PBXGroup;
			children = (
				7D901E72223D6B650098F3BD /* AppDelegate.swift */,
				7D901E76223D6B650098F3BD /* Main.storyboard */,
				7D901E79223D6B670098F3BD /* Assets.xcassets */,
				7D901E7B223D6B670098F3BD /* LaunchScreen.storyboard */,
				7D901E7E223D6B670098F3BD /* Info.plist */,
				7D901EA0223D6C490098F3BD /* tableTracks.swift */,
				7D45C3E4223D707200D35681 /* Results.swift */,
				7D901EA2223D6D8F0098F3BD /* Extensions.swift */,
			);
			path = TableWithURLSongs;
			sourceTree = "<group>";
		};
		7D901E86223D6B670098F3BD /* TableWithURLSongsTests */ = {
			isa = PBXGroup;
			children = (
				7D901E87223D6B670098F3BD /* TableWithURLSongsTests.swift */,
				7D901E89223D6B670098F3BD /* Info.plist */,
			);
			path = TableWithURLSongsTests;
			sourceTree = "<group>";
		};
		7D901E91223D6B670098F3BD /* TableWithURLSongsUITests */ = {
			isa = PBXGroup;
			children = (
				7D901E92223D6B670098F3BD /* TableWithURLSongsUITests.swift */,
				7D901E94223D6B670098F3BD /* Info.plist */,
			);
			path = TableWithURLSongsUITests;
			sourceTree = "<group>";
		};
/* End PBXGroup section */

/* Begin PBXNativeTarget section */
		7D901E6E223D6B650098F3BD /* TableWithURLSongs */ = {
			isa = PBXNativeTarget;
			buildConfigurationList = 7D901E97223D6B670098F3BD /* Build configuration list for PBXNativeTarget "TableWithURLSongs" */;
			buildPhases = (
				7D901E6B223D6B650098F3BD /* Sources */,
				7D901E6C223D6B650098F3BD /* Frameworks */,
				7D901E6D223D6B650098F3BD /* Resources */,
			);
			buildRules = (
			);
			dependencies = (
			);
			name = TableWithURLSongs;
			productName = TableWithURLSongs;
			productReference = 7D901E6F223D6B650098F3BD /* TableWithURLSongs.app */;
			productType = "com.apple.product-type.application";
		};
		7D901E82223D6B670098F3BD /* TableWithURLSongsTests */ = {
			isa = PBXNativeTarget;
			buildConfigurationList = 7D901E9A223D6B670098F3BD /* Build configuration list for PBXNativeTarget "TableWithURLSongsTests" */;
			buildPhases = (
				7D901E7F223D6B670098F3BD /* Sources */,
				7D901E80223D6B670098F3BD /* Frameworks */,
				7D901E81223D6B670098F3BD /* Resources */,
			);
			buildRules = (
			);
			dependencies = (
				7D901E85223D6B670098F3BD /* PBXTargetDependency */,
			);
			name = TableWithURLSongsTests;
			productName = TableWithURLSongsTests;
			productReference = 7D901E83223D6B670098F3BD /* TableWithURLSongsTests.xctest */;
			productType = "com.apple.product-type.bundle.unit-test";
		};
		7D901E8D223D6B670098F3BD /* TableWithURLSongsUITests */ = {
			isa = PBXNativeTarget;
			buildConfigurationList = 7D901E9D223D6B670098F3BD /* Build configuration list for PBXNativeTarget "TableWithURLSongsUITests" */;
			buildPhases = (
				7D901E8A223D6B670098F3BD /* Sources */,
				7D901E8B223D6B670098F3BD /* Frameworks */,
				7D901E8C223D6B670098F3BD /* Resources */,
			);
			buildRules = (
			);
			dependencies = (
				7D901E90223D6B670098F3BD /* PBXTargetDependency */,
			);
			name = TableWithURLSongsUITests;
			productName = TableWithURLSongsUITests;
			productReference = 7D901E8E223D6B670098F3BD /* TableWithURLSongsUITests.xctest */;
			productType = "com.apple.product-type.bundle.ui-testing";
		};
/* End PBXNativeTarget section */

/* Begin PBXProject section */
		7D901E67223D6B650098F3BD /* Project object */ = {
			isa = PBXProject;
			attributes = {
				LastSwiftUpdateCheck = 1010;
				LastUpgradeCheck = 1010;
				ORGANIZATIONNAME = Schock;
				TargetAttributes = {
					7D901E6E223D6B650098F3BD = {
						CreatedOnToolsVersion = 10.1;
					};
					7D901E82223D6B670098F3BD = {
						CreatedOnToolsVersion = 10.1;
						TestTargetID = 7D901E6E223D6B650098F3BD;
					};
					7D901E8D223D6B670098F3BD = {
						CreatedOnToolsVersion = 10.1;
						TestTargetID = 7D901E6E223D6B650098F3BD;
					};
				};
			};
			buildConfigurationList = 7D901E6A223D6B650098F3BD /* Build configuration list for PBXProject "TableWithURLSongs" */;
			compatibilityVersion = "Xcode 9.3";
			developmentRegion = en;
			hasScannedForEncodings = 0;
			knownRegions = (
				en,
				Base,
			);
			mainGroup = 7D901E66223D6B650098F3BD;
			productRefGroup = 7D901E70223D6B650098F3BD /* Products */;
			projectDirPath = "";
			projectRoot = "";
			targets = (
				7D901E6E223D6B650098F3BD /* TableWithURLSongs */,
				7D901E82223D6B670098F3BD /* TableWithURLSongsTests */,
				7D901E8D223D6B670098F3BD /* TableWithURLSongsUITests */,
			);
		};
/* End PBXProject section */

/* Begin PBXResourcesBuildPhase section */
		7D901E6D223D6B650098F3BD /* Resources */ = {
			isa = PBXResourcesBuildPhase;
			buildActionMask = 2147483647;
			files = (
				7D901E7D223D6B670098F3BD /* LaunchScreen.storyboard in Resources */,
				7D901E7A223D6B670098F3BD /* Assets.xcassets in Resources */,
				7D901E78223D6B650098F3BD /* Main.storyboard in Resources */,
			);
			runOnlyForDeploymentPostprocessing = 0;
		};
		7D901E81223D6B670098F3BD /* Resources */ = {
			isa = PBXResourcesBuildPhase;
			buildActionMask = 2147483647;
			files = (
			);
			runOnlyForDeploymentPostprocessing = 0;
		};
		7D901E8C223D6B670098F3BD /* Resources */ = {
			isa = PBXResourcesBuildPhase;
			buildActionMask = 2147483647;
			files = (
			);
			runOnlyForDeploymentPostprocessing = 0;
		};
/* End PBXResourcesBuildPhase section */

/* Begin PBXSourcesBuildPhase section */
		7D901E6B223D6B650098F3BD /* Sources */ = {
			isa = PBXSourcesBuildPhase;
			buildActionMask = 2147483647;
			files = (
				7D901EA1223D6C490098F3BD /* tableTracks.swift in Sources */,
				7D901EA3223D6D8F0098F3BD /* Extensions.swift in Sources */,
				7D45C3E5223D707200D35681 /* Results.swift in Sources */,
				7D901E73223D6B650098F3BD /* AppDelegate.swift in Sources */,
			);
			runOnlyForDeploymentPostprocessing = 0;
		};
		7D901E7F223D6B670098F3BD /* Sources */ = {
			isa = PBXSourcesBuildPhase;
			buildActionMask = 2147483647;
			files = (
				7D901E88223D6B670098F3BD /* TableWithURLSongsTests.swift in Sources */,
			);
			runOnlyForDeploymentPostprocessing = 0;
		};
		7D901E8A223D6B670098F3BD /* Sources */ = {
			isa = PBXSourcesBuildPhase;
			buildActionMask = 2147483647;
			files = (
				7D901E93223D6B670098F3BD /* TableWithURLSongsUITests.swift in Sources */,
			);
			runOnlyForDeploymentPostprocessing = 0;
		};
/* End PBXSourcesBuildPhase section */

/* Begin PBXTargetDependency section */
		7D901E85223D6B670098F3BD /* PBXTargetDependency */ = {
			isa = PBXTargetDependency;
			target = 7D901E6E223D6B650098F3BD /* TableWithURLSongs */;
			targetProxy = 7D901E84223D6B670098F3BD /* PBXContainerItemProxy */;
		};
		7D901E90223D6B670098F3BD /* PBXTargetDependency */ = {
			isa = PBXTargetDependency;
			target = 7D901E6E223D6B650098F3BD /* TableWithURLSongs */;
			targetProxy = 7D901E8F223D6B670098F3BD /* PBXContainerItemProxy */;
		};
/* End PBXTargetDependency section */

/* Begin PBXVariantGroup section */
		7D901E76223D6B650098F3BD /* Main.storyboard */ = {
			isa = PBXVariantGroup;
			children = (
				7D901E77223D6B650098F3BD /* Base */,
			);
			name = Main.storyboard;
			sourceTree = "<group>";
		};
		7D901E7B223D6B670098F3BD /* LaunchScreen.storyboard */ = {
			isa = PBXVariantGroup;
			children = (
				7D901E7C223D6B670098F3BD /* Base */,
			);
			name = LaunchScreen.storyboard;
			sourceTree = "<group>";
		};
/* End PBXVariantGroup section */

/* Begin XCBuildConfiguration section */
		7D901E95223D6B670098F3BD /* Debug */ = {
			isa = XCBuildConfiguration;
			buildSettings = {
				ALWAYS_SEARCH_USER_PATHS = NO;
				CLANG_ANALYZER_NONNULL = YES;
				CLANG_ANALYZER_NUMBER_OBJECT_CONVERSION = YES_AGGRESSIVE;
				CLANG_CXX_LANGUAGE_STANDARD = "gnu++14";
				CLANG_CXX_LIBRARY = "libc++";
				CLANG_ENABLE_MODULES = YES;
				CLANG_ENABLE_OBJC_ARC = YES;
				CLANG_ENABLE_OBJC_WEAK = YES;
				CLANG_WARN_BLOCK_CAPTURE_AUTORELEASING = YES;
				CLANG_WARN_BOOL_CONVERSION = YES;
				CLANG_WARN_COMMA = YES;
				CLANG_WARN_CONSTANT_CONVERSION = YES;
				CLANG_WARN_DEPRECATED_OBJC_IMPLEMENTATIONS = YES;
				CLANG_WARN_DIRECT_OBJC_ISA_USAGE = YES_ERROR;
				CLANG_WARN_DOCUMENTATION_COMMENTS = YES;
				CLANG_WARN_EMPTY_BODY = YES;
				CLANG_WARN_ENUM_CONVERSION = YES;
				CLANG_WARN_INFINITE_RECURSION = YES;
				CLANG_WARN_INT_CONVERSION = YES;
				CLANG_WARN_NON_LITERAL_NULL_CONVERSION = YES;
				CLANG_WARN_OBJC_IMPLICIT_RETAIN_SELF = YES;
				CLANG_WARN_OBJC_LITERAL_CONVERSION = YES;
				CLANG_WARN_OBJC_ROOT_CLASS = YES_ERROR;
				CLANG_WARN_RANGE_LOOP_ANALYSIS = YES;
				CLANG_WARN_STRICT_PROTOTYPES = YES;
				CLANG_WARN_SUSPICIOUS_MOVE = YES;
				CLANG_WARN_UNGUARDED_AVAILABILITY = YES_AGGRESSIVE;
				CLANG_WARN_UNREACHABLE_CODE = YES;
				CLANG_WARN__DUPLICATE_METHOD_MATCH = YES;
				CODE_SIGN_IDENTITY = "iPhone Developer";
				COPY_PHASE_STRIP = NO;
				DEBUG_INFORMATION_FORMAT = dwarf;
				ENABLE_STRICT_OBJC_MSGSEND = YES;
				ENABLE_TESTABILITY = YES;
				GCC_C_LANGUAGE_STANDARD = gnu11;
				GCC_DYNAMIC_NO_PIC = NO;
				GCC_NO_COMMON_BLOCKS = YES;
				GCC_OPTIMIZATION_LEVEL = 0;
				GCC_PREPROCESSOR_DEFINITIONS = (
					"DEBUG=1",
					"$(inherited)",
				);
				GCC_WARN_64_TO_32_BIT_CONVERSION = YES;
				GCC_WARN_ABOUT_RETURN_TYPE = YES_ERROR;
				GCC_WARN_UNDECLARED_SELECTOR = YES;
				GCC_WARN_UNINITIALIZED_AUTOS = YES_AGGRESSIVE;
				GCC_WARN_UNUSED_FUNCTION = YES;
				GCC_WARN_UNUSED_VARIABLE = YES;
				IPHONEOS_DEPLOYMENT_TARGET = 12.1;
				MTL_ENABLE_DEBUG_INFO = INCLUDE_SOURCE;
				MTL_FAST_MATH = YES;
				ONLY_ACTIVE_ARCH = YES;
				SDKROOT = iphoneos;
				SWIFT_ACTIVE_COMPILATION_CONDITIONS = DEBUG;
				SWIFT_OPTIMIZATION_LEVEL = "-Onone";
			};
			name = Debug;
		};
		7D901E96223D6B670098F3BD /* Release */ = {
			isa = XCBuildConfiguration;
			buildSettings = {
				ALWAYS_SEARCH_USER_PATHS = NO;
				CLANG_ANALYZER_NONNULL = YES;
				CLANG_ANALYZER_NUMBER_OBJECT_CONVERSION = YES_AGGRESSIVE;
				CLANG_CXX_LANGUAGE_STANDARD = "gnu++14";
				CLANG_CXX_LIBRARY = "libc++";
				CLANG_ENABLE_MODULES = YES;
				CLANG_ENABLE_OBJC_ARC = YES;
				CLANG_ENABLE_OBJC_WEAK = YES;
				CLANG_WARN_BLOCK_CAPTURE_AUTORELEASING = YES;
				CLANG_WARN_BOOL_CONVERSION = YES;
				CLANG_WARN_COMMA = YES;
				CLANG_WARN_CONSTANT_CONVERSION = YES;
				CLANG_WARN_DEPRECATED_OBJC_IMPLEMENTATIONS = YES;
				CLANG_WARN_DIRECT_OBJC_ISA_USAGE = YES_ERROR;
				CLANG_WARN_DOCUMENTATION_COMMENTS = YES;
				CLANG_WARN_EMPTY_BODY = YES;
				CLANG_WARN_ENUM_CONVERSION = YES;
				CLANG_WARN_INFINITE_RECURSION = YES;
				CLANG_WARN_INT_CONVERSION = YES;
				CLANG_WARN_NON_LITERAL_NULL_CONVERSION = YES;
				CLANG_WARN_OBJC_IMPLICIT_RETAIN_SELF = YES;
				CLANG_WARN_OBJC_LITERAL_CONVERSION = YES;
				CLANG_WARN_OBJC_ROOT_CLASS = YES_ERROR;
				CLANG_WARN_RANGE_LOOP_ANALYSIS = YES;
				CLANG_WARN_STRICT_PROTOTYPES = YES;
				CLANG_WARN_SUSPICIOUS_MOVE = YES;
				CLANG_WARN_UNGUARDED_AVAILABILITY = YES_AGGRESSIVE;
				CLANG_WARN_UNREACHABLE_CODE = YES;
				CLANG_WARN__DUPLICATE_METHOD_MATCH = YES;
				CODE_SIGN_IDENTITY = "iPhone Developer";
				COPY_PHASE_STRIP = NO;
				DEBUG_INFORMATION_FORMAT = "dwarf-with-dsym";
				ENABLE_NS_ASSERTIONS = NO;
				ENABLE_STRICT_OBJC_MSGSEND = YES;
				GCC_C_LANGUAGE_STANDARD = gnu11;
				GCC_NO_COMMON_BLOCKS = YES;
				GCC_WARN_64_TO_32_BIT_CONVERSION = YES;
				GCC_WARN_ABOUT_RETURN_TYPE = YES_ERROR;
				GCC_WARN_UNDECLARED_SELECTOR = YES;
				GCC_WARN_UNINITIALIZED_AUTOS = YES_AGGRESSIVE;
				GCC_WARN_UNUSED_FUNCTION = YES;
				GCC_WARN_UNUSED_VARIABLE = YES;
				IPHONEOS_DEPLOYMENT_TARGET = 12.1;
				MTL_ENABLE_DEBUG_INFO = NO;
				MTL_FAST_MATH = YES;
				SDKROOT = iphoneos;
				SWIFT_COMPILATION_MODE = wholemodule;
				SWIFT_OPTIMIZATION_LEVEL = "-O";
				VALIDATE_PRODUCT = YES;
			};
			name = Release;
		};
		7D901E98223D6B670098F3BD /* Debug */ = {
			isa = XCBuildConfiguration;
			buildSettings = {
				ASSETCATALOG_COMPILER_APPICON_NAME = AppIcon;
				CODE_SIGN_STYLE = Automatic;
				INFOPLIST_FILE = TableWithURLSongs/Info.plist;
				LD_RUNPATH_SEARCH_PATHS = (
					"$(inherited)",
					"@executable_path/Frameworks",
				);
				PRODUCT_BUNDLE_IDENTIFIER = com.schock.TableWithURLSongs;
				PRODUCT_NAME = "$(TARGET_NAME)";
				SWIFT_VERSION = 4.2;
				TARGETED_DEVICE_FAMILY = "1,2";
			};
			name = Debug;
		};
		7D901E99223D6B670098F3BD /* Release */ = {
			isa = XCBuildConfiguration;
			buildSettings = {
				ASSETCATALOG_COMPILER_APPICON_NAME = AppIcon;
				CODE_SIGN_STYLE = Automatic;
				INFOPLIST_FILE = TableWithURLSongs/Info.plist;
				LD_RUNPATH_SEARCH_PATHS = (
					"$(inherited)",
					"@executable_path/Frameworks",
				);
				PRODUCT_BUNDLE_IDENTIFIER = com.schock.TableWithURLSongs;
				PRODUCT_NAME = "$(TARGET_NAME)";
				SWIFT_VERSION = 4.2;
				TARGETED_DEVICE_FAMILY = "1,2";
			};
			name = Release;
		};
		7D901E9B223D6B670098F3BD /* Debug */ = {
			isa = XCBuildConfiguration;
			buildSettings = {
				ALWAYS_EMBED_SWIFT_STANDARD_LIBRARIES = YES;
				BUNDLE_LOADER = "$(TEST_HOST)";
				CODE_SIGN_STYLE = Automatic;
				INFOPLIST_FILE = TableWithURLSongsTests/Info.plist;
				LD_RUNPATH_SEARCH_PATHS = (
					"$(inherited)",
					"@executable_path/Frameworks",
					"@loader_path/Frameworks",
				);
				PRODUCT_BUNDLE_IDENTIFIER = com.schock.TableWithURLSongsTests;
				PRODUCT_NAME = "$(TARGET_NAME)";
				SWIFT_VERSION = 4.2;
				TARGETED_DEVICE_FAMILY = "1,2";
				TEST_HOST = "$(BUILT_PRODUCTS_DIR)/TableWithURLSongs.app/TableWithURLSongs";
			};
			name = Debug;
		};
		7D901E9C223D6B670098F3BD /* Release */ = {
			isa = XCBuildConfiguration;
			buildSettings = {
				ALWAYS_EMBED_SWIFT_STANDARD_LIBRARIES = YES;
				BUNDLE_LOADER = "$(TEST_HOST)";
				CODE_SIGN_STYLE = Automatic;
				INFOPLIST_FILE = TableWithURLSongsTests/Info.plist;
				LD_RUNPATH_SEARCH_PATHS = (
					"$(inherited)",
					"@executable_path/Frameworks",
					"@loader_path/Frameworks",
				);
				PRODUCT_BUNDLE_IDENTIFIER = com.schock.TableWithURLSongsTests;
				PRODUCT_NAME = "$(TARGET_NAME)";
				SWIFT_VERSION = 4.2;
				TARGETED_DEVICE_FAMILY = "1,2";
				TEST_HOST = "$(BUILT_PRODUCTS_DIR)/TableWithURLSongs.app/TableWithURLSongs";
			};
			name = Release;
		};
		7D901E9E223D6B670098F3BD /* Debug */ = {
			isa = XCBuildConfiguration;
			buildSettings = {
				ALWAYS_EMBED_SWIFT_STANDARD_LIBRARIES = YES;
				CODE_SIGN_STYLE = Automatic;
				INFOPLIST_FILE = TableWithURLSongsUITests/Info.plist;
				LD_RUNPATH_SEARCH_PATHS = (
					"$(inherited)",
					"@executable_path/Frameworks",
					"@loader_path/Frameworks",
				);
				PRODUCT_BUNDLE_IDENTIFIER = com.schock.TableWithURLSongsUITests;
				PRODUCT_NAME = "$(TARGET_NAME)";
				SWIFT_VERSION = 4.2;
				TARGETED_DEVICE_FAMILY = "1,2";
				TEST_TARGET_NAME = TableWithURLSongs;
			};
			name = Debug;
		};
		7D901E9F223D6B670098F3BD /* Release */ = {
			isa = XCBuildConfiguration;
			buildSettings = {
				ALWAYS_EMBED_SWIFT_STANDARD_LIBRARIES = YES;
				CODE_SIGN_STYLE = Automatic;
				INFOPLIST_FILE = TableWithURLSongsUITests/Info.plist;
				LD_RUNPATH_SEARCH_PATHS = (
					"$(inherited)",
					"@executable_path/Frameworks",
					"@loader_path/Frameworks",
				);
				PRODUCT_BUNDLE_IDENTIFIER = com.schock.TableWithURLSongsUITests;
				PRODUCT_NAME = "$(TARGET_NAME)";
				SWIFT_VERSION = 4.2;
				TARGETED_DEVICE_FAMILY = "1,2";
				TEST_TARGET_NAME = TableWithURLSongs;
			};
			name = Release;
		};
/* End XCBuildConfiguration section */

/* Begin XCConfigurationList section */
		7D901E6A223D6B650098F3BD /* Build configuration list for PBXProject "TableWithURLSongs" */ = {
			isa = XCConfigurationList;
			buildConfigurations = (
				7D901E95223D6B670098F3BD /* Debug */,
				7D901E96223D6B670098F3BD /* Release */,
			);
			defaultConfigurationIsVisible = 0;
			defaultConfigurationName = Release;
		};
		7D901E97223D6B670098F3BD /* Build configuration list for PBXNativeTarget "TableWithURLSongs" */ = {
			isa = XCConfigurationList;
			buildConfigurations = (
				7D901E98223D6B670098F3BD /* Debug */,
				7D901E99223D6B670098F3BD /* Release */,
			);
			defaultConfigurationIsVisible = 0;
			defaultConfigurationName = Release;
		};
		7D901E9A223D6B670098F3BD /* Build configuration list for PBXNativeTarget "TableWithURLSongsTests" */ = {
			isa = XCConfigurationList;
			buildConfigurations = (
				7D901E9B223D6B670098F3BD /* Debug */,
				7D901E9C223D6B670098F3BD /* Release */,
			);
			defaultConfigurationIsVisible = 0;
			defaultConfigurationName = Release;
		};
		7D901E9D223D6B670098F3BD /* Build configuration list for PBXNativeTarget "TableWithURLSongsUITests" */ = {
			isa = XCConfigurationList;
			buildConfigurations = (
				7D901E9E223D6B670098F3BD /* Debug */,
				7D901E9F223D6B670098F3BD /* Release */,
			);
			defaultConfigurationIsVisible = 0;
			defaultConfigurationName = Release;
		};
/* End XCConfigurationList section */
	};
	rootObject = 7D901E67223D6B650098F3BD /* Project object */;
}
