// !$*UTF8*$!
{
	archiveVersion = 1;
	classes = {
	};
	objectVersion = 50;
	objects = {

/* Begin PBXBuildFile section */
		C15B6F562246873E00E26517 /* AppDelegate.swift in Sources */ = {isa = PBXBuildFile; fileRef = C15B6F552246873E00E26517 /* AppDelegate.swift */; };
		C15B6F5B2246873E00E26517 /* Main.storyboard in Resources */ = {isa = PBXBuildFile; fileRef = C15B6F592246873E00E26517 /* Main.storyboard */; };
		C15B6F5D2246873F00E26517 /* Assets.xcassets in Resources */ = {isa = PBXBuildFile; fileRef = C15B6F5C2246873F00E26517 /* Assets.xcassets */; };
		C15B6F602246873F00E26517 /* LaunchScreen.storyboard in Resources */ = {isa = PBXBuildFile; fileRef = C15B6F5E2246873F00E26517 /* LaunchScreen.storyboard */; };
		C15B6F6822468AC700E26517 /* MyCollectionViewController.swift in Sources */ = {isa = PBXBuildFile; fileRef = C15B6F6722468AC700E26517 /* MyCollectionViewController.swift */; };
		C15B6F882246951C00E26517 /* MyCollectionViewCell.swift in Sources */ = {isa = PBXBuildFile; fileRef = C15B6F872246951C00E26517 /* MyCollectionViewCell.swift */; };
		C15B6F8A2246A46A00E26517 /* MySupplementaryView.swift in Sources */ = {isa = PBXBuildFile; fileRef = C15B6F892246A46A00E26517 /* MySupplementaryView.swift */; };
/* End PBXBuildFile section */

/* Begin PBXFileReference section */
		C15B6F522246873E00E26517 /* Collection-Diplomado.app */ = {isa = PBXFileReference; explicitFileType = wrapper.application; includeInIndex = 0; path = "Collection-Diplomado.app"; sourceTree = BUILT_PRODUCTS_DIR; };
		C15B6F552246873E00E26517 /* AppDelegate.swift */ = {isa = PBXFileReference; lastKnownFileType = sourcecode.swift; path = AppDelegate.swift; sourceTree = "<group>"; };
		C15B6F5A2246873E00E26517 /* Base */ = {isa = PBXFileReference; lastKnownFileType = file.storyboard; name = Base; path = Base.lproj/Main.storyboard; sourceTree = "<group>"; };
		C15B6F5C2246873F00E26517 /* Assets.xcassets */ = {isa = PBXFileReference; lastKnownFileType = folder.assetcatalog; path = Assets.xcassets; sourceTree = "<group>"; };
		C15B6F5F2246873F00E26517 /* Base */ = {isa = PBXFileReference; lastKnownFileType = file.storyboard; name = Base; path = Base.lproj/LaunchScreen.storyboard; sourceTree = "<group>"; };
		C15B6F612246873F00E26517 /* Info.plist */ = {isa = PBXFileReference; lastKnownFileType = text.plist.xml; path = Info.plist; sourceTree = "<group>"; };
		C15B6F6722468AC700E26517 /* MyCollectionViewController.swift */ = {isa = PBXFileReference; lastKnownFileType = sourcecode.swift; path = MyCollectionViewController.swift; sourceTree = "<group>"; };
		C15B6F872246951C00E26517 /* MyCollectionViewCell.swift */ = {isa = PBXFileReference; lastKnownFileType = sourcecode.swift; path = MyCollectionViewCell.swift; sourceTree = "<group>"; };
		C15B6F892246A46A00E26517 /* MySupplementaryView.swift */ = {isa = PBXFileReference; lastKnownFileType = sourcecode.swift; path = MySupplementaryView.swift; sourceTree = "<group>"; };
/* End PBXFileReference section */

/* Begin PBXFrameworksBuildPhase section */
		C15B6F4F2246873E00E26517 /* Frameworks */ = {
			isa = PBXFrameworksBuildPhase;
			buildActionMask = 2147483647;
			files = (
			);
			runOnlyForDeploymentPostprocessing = 0;
		};
/* End PBXFrameworksBuildPhase section */

/* Begin PBXGroup section */
		C15B6F492246873E00E26517 = {
			isa = PBXGroup;
			children = (
				C15B6F542246873E00E26517 /* Collection-Diplomado */,
				C15B6F532246873E00E26517 /* Products */,
			);
			sourceTree = "<group>";
		};
		C15B6F532246873E00E26517 /* Products */ = {
			isa = PBXGroup;
			children = (
				C15B6F522246873E00E26517 /* Collection-Diplomado.app */,
			);
			name = Products;
			sourceTree = "<group>";
		};
		C15B6F542246873E00E26517 /* Collection-Diplomado */ = {
			isa = PBXGroup;
			children = (
				C15B6F552246873E00E26517 /* AppDelegate.swift */,
				C15B6F592246873E00E26517 /* Main.storyboard */,
				C15B6F5C2246873F00E26517 /* Assets.xcassets */,
				C15B6F5E2246873F00E26517 /* LaunchScreen.storyboard */,
				C15B6F612246873F00E26517 /* Info.plist */,
				C15B6F6722468AC700E26517 /* MyCollectionViewController.swift */,
				C15B6F872246951C00E26517 /* MyCollectionViewCell.swift */,
				C15B6F892246A46A00E26517 /* MySupplementaryView.swift */,
			);
			path = "Collection-Diplomado";
			sourceTree = "<group>";
		};
/* End PBXGroup section */

/* Begin PBXNativeTarget section */
		C15B6F512246873E00E26517 /* Collection-Diplomado */ = {
			isa = PBXNativeTarget;
			buildConfigurationList = C15B6F642246873F00E26517 /* Build configuration list for PBXNativeTarget "Collection-Diplomado" */;
			buildPhases = (
				C15B6F4E2246873E00E26517 /* Sources */,
				C15B6F4F2246873E00E26517 /* Frameworks */,
				C15B6F502246873E00E26517 /* Resources */,
			);
			buildRules = (
			);
			dependencies = (
			);
			name = "Collection-Diplomado";
			productName = "Collection-Diplomado";
			productReference = C15B6F522246873E00E26517 /* Collection-Diplomado.app */;
			productType = "com.apple.product-type.application";
		};
/* End PBXNativeTarget section */

/* Begin PBXProject section */
		C15B6F4A2246873E00E26517 /* Project object */ = {
			isa = PBXProject;
			attributes = {
				LastSwiftUpdateCheck = 1010;
				LastUpgradeCheck = 1010;
				ORGANIZATIONNAME = iosLab;
				TargetAttributes = {
					C15B6F512246873E00E26517 = {
						CreatedOnToolsVersion = 10.1;
					};
				};
			};
			buildConfigurationList = C15B6F4D2246873E00E26517 /* Build configuration list for PBXProject "Collection-Diplomado" */;
			compatibilityVersion = "Xcode 9.3";
			developmentRegion = en;
			hasScannedForEncodings = 0;
			knownRegions = (
				en,
				Base,
			);
			mainGroup = C15B6F492246873E00E26517;
			productRefGroup = C15B6F532246873E00E26517 /* Products */;
			projectDirPath = "";
			projectRoot = "";
			targets = (
				C15B6F512246873E00E26517 /* Collection-Diplomado */,
			);
		};
/* End PBXProject section */

/* Begin PBXResourcesBuildPhase section */
		C15B6F502246873E00E26517 /* Resources */ = {
			isa = PBXResourcesBuildPhase;
			buildActionMask = 2147483647;
			files = (
				C15B6F602246873F00E26517 /* LaunchScreen.storyboard in Resources */,
				C15B6F5D2246873F00E26517 /* Assets.xcassets in Resources */,
				C15B6F5B2246873E00E26517 /* Main.storyboard in Resources */,
			);
			runOnlyForDeploymentPostprocessing = 0;
		};
/* End PBXResourcesBuildPhase section */

/* Begin PBXSourcesBuildPhase section */
		C15B6F4E2246873E00E26517 /* Sources */ = {
			isa = PBXSourcesBuildPhase;
			buildActionMask = 2147483647;
			files = (
				C15B6F6822468AC700E26517 /* MyCollectionViewController.swift in Sources */,
				C15B6F562246873E00E26517 /* AppDelegate.swift in Sources */,
				C15B6F8A2246A46A00E26517 /* MySupplementaryView.swift in Sources */,
				C15B6F882246951C00E26517 /* MyCollectionViewCell.swift in Sources */,
			);
			runOnlyForDeploymentPostprocessing = 0;
		};
/* End PBXSourcesBuildPhase section */

/* Begin PBXVariantGroup section */
		C15B6F592246873E00E26517 /* Main.storyboard */ = {
			isa = PBXVariantGroup;
			children = (
				C15B6F5A2246873E00E26517 /* Base */,
			);
			name = Main.storyboard;
			sourceTree = "<group>";
		};
		C15B6F5E2246873F00E26517 /* LaunchScreen.storyboard */ = {
			isa = PBXVariantGroup;
			children = (
				C15B6F5F2246873F00E26517 /* Base */,
			);
			name = LaunchScreen.storyboard;
			sourceTree = "<group>";
		};
/* End PBXVariantGroup section */

/* Begin XCBuildConfiguration section */
		C15B6F622246873F00E26517 /* Debug */ = {
			isa = XCBuildConfiguration;
			buildSettings = {
				ALWAYS_SEARCH_USER_PATHS = NO;
				CLANG_ANALYZER_NONNULL = YES;
				CLANG_ANALYZER_NUMBER_OBJECT_CONVERSION = YES_AGGRESSIVE;
				CLANG_CXX_LANGUAGE_STANDARD = "gnu++14";
				CLANG_CXX_LIBRARY = "libc++";
				CLANG_ENABLE_MODULES = YES;
				CLANG_ENABLE_OBJC_ARC = YES;
				CLANG_ENABLE_OBJC_WEAK = YES;
				CLANG_WARN_BLOCK_CAPTURE_AUTORELEASING = YES;
				CLANG_WARN_BOOL_CONVERSION = YES;
				CLANG_WARN_COMMA = YES;
				CLANG_WARN_CONSTANT_CONVERSION = YES;
				CLANG_WARN_DEPRECATED_OBJC_IMPLEMENTATIONS = YES;
				CLANG_WARN_DIRECT_OBJC_ISA_USAGE = YES_ERROR;
				CLANG_WARN_DOCUMENTATION_COMMENTS = YES;
				CLANG_WARN_EMPTY_BODY = YES;
				CLANG_WARN_ENUM_CONVERSION = YES;
				CLANG_WARN_INFINITE_RECURSION = YES;
				CLANG_WARN_INT_CONVERSION = YES;
				CLANG_WARN_NON_LITERAL_NULL_CONVERSION = YES;
				CLANG_WARN_OBJC_IMPLICIT_RETAIN_SELF = YES;
				CLANG_WARN_OBJC_LITERAL_CONVERSION = YES;
				CLANG_WARN_OBJC_ROOT_CLASS = YES_ERROR;
				CLANG_WARN_RANGE_LOOP_ANALYSIS = YES;
				CLANG_WARN_STRICT_PROTOTYPES = YES;
				CLANG_WARN_SUSPICIOUS_MOVE = YES;
				CLANG_WARN_UNGUARDED_AVAILABILITY = YES_AGGRESSIVE;
				CLANG_WARN_UNREACHABLE_CODE = YES;
				CLANG_WARN__DUPLICATE_METHOD_MATCH = YES;
				CODE_SIGN_IDENTITY = "iPhone Developer";
				COPY_PHASE_STRIP = NO;
				DEBUG_INFORMATION_FORMAT = dwarf;
				ENABLE_STRICT_OBJC_MSGSEND = YES;
				ENABLE_TESTABILITY = YES;
				GCC_C_LANGUAGE_STANDARD = gnu11;
				GCC_DYNAMIC_NO_PIC = NO;
				GCC_NO_COMMON_BLOCKS = YES;
				GCC_OPTIMIZATION_LEVEL = 0;
				GCC_PREPROCESSOR_DEFINITIONS = (
					"DEBUG=1",
					"$(inherited)",
				);
				GCC_WARN_64_TO_32_BIT_CONVERSION = YES;
				GCC_WARN_ABOUT_RETURN_TYPE = YES_ERROR;
				GCC_WARN_UNDECLARED_SELECTOR = YES;
				GCC_WARN_UNINITIALIZED_AUTOS = YES_AGGRESSIVE;
				GCC_WARN_UNUSED_FUNCTION = YES;
				GCC_WARN_UNUSED_VARIABLE = YES;
				IPHONEOS_DEPLOYMENT_TARGET = 12.1;
				MTL_ENABLE_DEBUG_INFO = INCLUDE_SOURCE;
				MTL_FAST_MATH = YES;
				ONLY_ACTIVE_ARCH = YES;
				SDKROOT = iphoneos;
				SWIFT_ACTIVE_COMPILATION_CONDITIONS = DEBUG;
				SWIFT_OPTIMIZATION_LEVEL = "-Onone";
			};
			name = Debug;
		};
		C15B6F632246873F00E26517 /* Release */ = {
			isa = XCBuildConfiguration;
			buildSettings = {
				ALWAYS_SEARCH_USER_PATHS = NO;
				CLANG_ANALYZER_NONNULL = YES;
				CLANG_ANALYZER_NUMBER_OBJECT_CONVERSION = YES_AGGRESSIVE;
				CLANG_CXX_LANGUAGE_STANDARD = "gnu++14";
				CLANG_CXX_LIBRARY = "libc++";
				CLANG_ENABLE_MODULES = YES;
				CLANG_ENABLE_OBJC_ARC = YES;
				CLANG_ENABLE_OBJC_WEAK = YES;
				CLANG_WARN_BLOCK_CAPTURE_AUTORELEASING = YES;
				CLANG_WARN_BOOL_CONVERSION = YES;
				CLANG_WARN_COMMA = YES;
				CLANG_WARN_CONSTANT_CONVERSION = YES;
				CLANG_WARN_DEPRECATED_OBJC_IMPLEMENTATIONS = YES;
				CLANG_WARN_DIRECT_OBJC_ISA_USAGE = YES_ERROR;
				CLANG_WARN_DOCUMENTATION_COMMENTS = YES;
				CLANG_WARN_EMPTY_BODY = YES;
				CLANG_WARN_ENUM_CONVERSION = YES;
				CLANG_WARN_INFINITE_RECURSION = YES;
				CLANG_WARN_INT_CONVERSION = YES;
				CLANG_WARN_NON_LITERAL_NULL_CONVERSION = YES;
				CLANG_WARN_OBJC_IMPLICIT_RETAIN_SELF = YES;
				CLANG_WARN_OBJC_LITERAL_CONVERSION = YES;
				CLANG_WARN_OBJC_ROOT_CLASS = YES_ERROR;
				CLANG_WARN_RANGE_LOOP_ANALYSIS = YES;
				CLANG_WARN_STRICT_PROTOTYPES = YES;
				CLANG_WARN_SUSPICIOUS_MOVE = YES;
				CLANG_WARN_UNGUARDED_AVAILABILITY = YES_AGGRESSIVE;
				CLANG_WARN_UNREACHABLE_CODE = YES;
				CLANG_WARN__DUPLICATE_METHOD_MATCH = YES;
				CODE_SIGN_IDENTITY = "iPhone Developer";
				COPY_PHASE_STRIP = NO;
				DEBUG_INFORMATION_FORMAT = "dwarf-with-dsym";
				ENABLE_NS_ASSERTIONS = NO;
				ENABLE_STRICT_OBJC_MSGSEND = YES;
				GCC_C_LANGUAGE_STANDARD = gnu11;
				GCC_NO_COMMON_BLOCKS = YES;
				GCC_WARN_64_TO_32_BIT_CONVERSION = YES;
				GCC_WARN_ABOUT_RETURN_TYPE = YES_ERROR;
				GCC_WARN_UNDECLARED_SELECTOR = YES;
				GCC_WARN_UNINITIALIZED_AUTOS = YES_AGGRESSIVE;
				GCC_WARN_UNUSED_FUNCTION = YES;
				GCC_WARN_UNUSED_VARIABLE = YES;
				IPHONEOS_DEPLOYMENT_TARGET = 12.1;
				MTL_ENABLE_DEBUG_INFO = NO;
				MTL_FAST_MATH = YES;
				SDKROOT = iphoneos;
				SWIFT_COMPILATION_MODE = wholemodule;
				SWIFT_OPTIMIZATION_LEVEL = "-O";
				VALIDATE_PRODUCT = YES;
			};
			name = Release;
		};
		C15B6F652246873F00E26517 /* Debug */ = {
			isa = XCBuildConfiguration;
			buildSettings = {
				ASSETCATALOG_COMPILER_APPICON_NAME = AppIcon;
				CODE_SIGN_STYLE = Automatic;
				INFOPLIST_FILE = "Collection-Diplomado/Info.plist";
				LD_RUNPATH_SEARCH_PATHS = (
					"$(inherited)",
					"@executable_path/Frameworks",
				);
				PRODUCT_BUNDLE_IDENTIFIER = "com.ioslab.Collection-Diplomado";
				PRODUCT_NAME = "$(TARGET_NAME)";
				SWIFT_VERSION = 4.2;
				TARGETED_DEVICE_FAMILY = "1,2";
			};
			name = Debug;
		};
		C15B6F662246873F00E26517 /* Release */ = {
			isa = XCBuildConfiguration;
			buildSettings = {
				ASSETCATALOG_COMPILER_APPICON_NAME = AppIcon;
				CODE_SIGN_STYLE = Automatic;
				INFOPLIST_FILE = "Collection-Diplomado/Info.plist";
				LD_RUNPATH_SEARCH_PATHS = (
					"$(inherited)",
					"@executable_path/Frameworks",
				);
				PRODUCT_BUNDLE_IDENTIFIER = "com.ioslab.Collection-Diplomado";
				PRODUCT_NAME = "$(TARGET_NAME)";
				SWIFT_VERSION = 4.2;
				TARGETED_DEVICE_FAMILY = "1,2";
			};
			name = Release;
		};
/* End XCBuildConfiguration section */

/* Begin XCConfigurationList section */
		C15B6F4D2246873E00E26517 /* Build configuration list for PBXProject "Collection-Diplomado" */ = {
			isa = XCConfigurationList;
			buildConfigurations = (
				C15B6F622246873F00E26517 /* Debug */,
				C15B6F632246873F00E26517 /* Release */,
			);
			defaultConfigurationIsVisible = 0;
			defaultConfigurationName = Release;
		};
		C15B6F642246873F00E26517 /* Build configuration list for PBXNativeTarget "Collection-Diplomado" */ = {
			isa = XCConfigurationList;
			buildConfigurations = (
				C15B6F652246873F00E26517 /* Debug */,
				C15B6F662246873F00E26517 /* Release */,
			);
			defaultConfigurationIsVisible = 0;
			defaultConfigurationName = Release;
		};
/* End XCConfigurationList section */
	};
	rootObject = C15B6F4A2246873E00E26517 /* Project object */;
}
