// !$*UTF8*$!
{
	archiveVersion = 1;
	classes = {
	};
	objectVersion = 50;
	objects = {

/* Begin PBXBuildFile section */
		7D8C8C05220623B700FE1A46 /* AppDelegate.swift in Sources */ = {isa = PBXBuildFile; fileRef = 7D8C8C04220623B700FE1A46 /* AppDelegate.swift */; };
		7D8C8C07220623B700FE1A46 /* ViewController.swift in Sources */ = {isa = PBXBuildFile; fileRef = 7D8C8C06220623B700FE1A46 /* ViewController.swift */; };
		7D8C8C0A220623B700FE1A46 /* Main.storyboard in Resources */ = {isa = PBXBuildFile; fileRef = 7D8C8C08220623B700FE1A46 /* Main.storyboard */; };
		7D8C8C0C220623BA00FE1A46 /* Assets.xcassets in Resources */ = {isa = PBXBuildFile; fileRef = 7D8C8C0B220623BA00FE1A46 /* Assets.xcassets */; };
		7D8C8C0F220623BA00FE1A46 /* LaunchScreen.storyboard in Resources */ = {isa = PBXBuildFile; fileRef = 7D8C8C0D220623BA00FE1A46 /* LaunchScreen.storyboard */; };
		7D8C8C1A220623BA00FE1A46 /* AppOneTests.swift in Sources */ = {isa = PBXBuildFile; fileRef = 7D8C8C19220623BA00FE1A46 /* AppOneTests.swift */; };
		7D8C8C25220623BA00FE1A46 /* AppOneUITests.swift in Sources */ = {isa = PBXBuildFile; fileRef = 7D8C8C24220623BA00FE1A46 /* AppOneUITests.swift */; };
/* End PBXBuildFile section */

/* Begin PBXContainerItemProxy section */
		7D8C8C16220623BA00FE1A46 /* PBXContainerItemProxy */ = {
			isa = PBXContainerItemProxy;
			containerPortal = 7D8C8BF9220623B700FE1A46 /* Project object */;
			proxyType = 1;
			remoteGlobalIDString = 7D8C8C00220623B700FE1A46;
			remoteInfo = AppOne;
		};
		7D8C8C21220623BA00FE1A46 /* PBXContainerItemProxy */ = {
			isa = PBXContainerItemProxy;
			containerPortal = 7D8C8BF9220623B700FE1A46 /* Project object */;
			proxyType = 1;
			remoteGlobalIDString = 7D8C8C00220623B700FE1A46;
			remoteInfo = AppOne;
		};
/* End PBXContainerItemProxy section */

/* Begin PBXFileReference section */
		7D8C8C01220623B700FE1A46 /* AppOne.app */ = {isa = PBXFileReference; explicitFileType = wrapper.application; includeInIndex = 0; path = AppOne.app; sourceTree = BUILT_PRODUCTS_DIR; };
		7D8C8C04220623B700FE1A46 /* AppDelegate.swift */ = {isa = PBXFileReference; lastKnownFileType = sourcecode.swift; path = AppDelegate.swift; sourceTree = "<group>"; };
		7D8C8C06220623B700FE1A46 /* ViewController.swift */ = {isa = PBXFileReference; lastKnownFileType = sourcecode.swift; path = ViewController.swift; sourceTree = "<group>"; };
		7D8C8C09220623B700FE1A46 /* Base */ = {isa = PBXFileReference; lastKnownFileType = file.storyboard; name = Base; path = Base.lproj/Main.storyboard; sourceTree = "<group>"; };
		7D8C8C0B220623BA00FE1A46 /* Assets.xcassets */ = {isa = PBXFileReference; lastKnownFileType = folder.assetcatalog; path = Assets.xcassets; sourceTree = "<group>"; };
		7D8C8C0E220623BA00FE1A46 /* Base */ = {isa = PBXFileReference; lastKnownFileType = file.storyboard; name = Base; path = Base.lproj/LaunchScreen.storyboard; sourceTree = "<group>"; };
		7D8C8C10220623BA00FE1A46 /* Info.plist */ = {isa = PBXFileReference; lastKnownFileType = text.plist.xml; path = Info.plist; sourceTree = "<group>"; };
		7D8C8C15220623BA00FE1A46 /* AppOneTests.xctest */ = {isa = PBXFileReference; explicitFileType = wrapper.cfbundle; includeInIndex = 0; path = AppOneTests.xctest; sourceTree = BUILT_PRODUCTS_DIR; };
		7D8C8C19220623BA00FE1A46 /* AppOneTests.swift */ = {isa = PBXFileReference; lastKnownFileType = sourcecode.swift; path = AppOneTests.swift; sourceTree = "<group>"; };
		7D8C8C1B220623BA00FE1A46 /* Info.plist */ = {isa = PBXFileReference; lastKnownFileType = text.plist.xml; path = Info.plist; sourceTree = "<group>"; };
		7D8C8C20220623BA00FE1A46 /* AppOneUITests.xctest */ = {isa = PBXFileReference; explicitFileType = wrapper.cfbundle; includeInIndex = 0; path = AppOneUITests.xctest; sourceTree = BUILT_PRODUCTS_DIR; };
		7D8C8C24220623BA00FE1A46 /* AppOneUITests.swift */ = {isa = PBXFileReference; lastKnownFileType = sourcecode.swift; path = AppOneUITests.swift; sourceTree = "<group>"; };
		7D8C8C26220623BA00FE1A46 /* Info.plist */ = {isa = PBXFileReference; lastKnownFileType = text.plist.xml; path = Info.plist; sourceTree = "<group>"; };
/* End PBXFileReference section */

/* Begin PBXFrameworksBuildPhase section */
		7D8C8BFE220623B700FE1A46 /* Frameworks */ = {
			isa = PBXFrameworksBuildPhase;
			buildActionMask = 2147483647;
			files = (
			);
			runOnlyForDeploymentPostprocessing = 0;
		};
		7D8C8C12220623BA00FE1A46 /* Frameworks */ = {
			isa = PBXFrameworksBuildPhase;
			buildActionMask = 2147483647;
			files = (
			);
			runOnlyForDeploymentPostprocessing = 0;
		};
		7D8C8C1D220623BA00FE1A46 /* Frameworks */ = {
			isa = PBXFrameworksBuildPhase;
			buildActionMask = 2147483647;
			files = (
			);
			runOnlyForDeploymentPostprocessing = 0;
		};
/* End PBXFrameworksBuildPhase section */

/* Begin PBXGroup section */
		7D8C8BF8220623B700FE1A46 = {
			isa = PBXGroup;
			children = (
				7D8C8C03220623B700FE1A46 /* AppOne */,
				7D8C8C18220623BA00FE1A46 /* AppOneTests */,
				7D8C8C23220623BA00FE1A46 /* AppOneUITests */,
				7D8C8C02220623B700FE1A46 /* Products */,
			);
			sourceTree = "<group>";
		};
		7D8C8C02220623B700FE1A46 /* Products */ = {
			isa = PBXGroup;
			children = (
				7D8C8C01220623B700FE1A46 /* AppOne.app */,
				7D8C8C15220623BA00FE1A46 /* AppOneTests.xctest */,
				7D8C8C20220623BA00FE1A46 /* AppOneUITests.xctest */,
			);
			name = Products;
			sourceTree = "<group>";
		};
		7D8C8C03220623B700FE1A46 /* AppOne */ = {
			isa = PBXGroup;
			children = (
				7D8C8C04220623B700FE1A46 /* AppDelegate.swift */,
				7D8C8C06220623B700FE1A46 /* ViewController.swift */,
				7D8C8C08220623B700FE1A46 /* Main.storyboard */,
				7D8C8C0B220623BA00FE1A46 /* Assets.xcassets */,
				7D8C8C0D220623BA00FE1A46 /* LaunchScreen.storyboard */,
				7D8C8C10220623BA00FE1A46 /* Info.plist */,
			);
			path = AppOne;
			sourceTree = "<group>";
		};
		7D8C8C18220623BA00FE1A46 /* AppOneTests */ = {
			isa = PBXGroup;
			children = (
				7D8C8C19220623BA00FE1A46 /* AppOneTests.swift */,
				7D8C8C1B220623BA00FE1A46 /* Info.plist */,
			);
			path = AppOneTests;
			sourceTree = "<group>";
		};
		7D8C8C23220623BA00FE1A46 /* AppOneUITests */ = {
			isa = PBXGroup;
			children = (
				7D8C8C24220623BA00FE1A46 /* AppOneUITests.swift */,
				7D8C8C26220623BA00FE1A46 /* Info.plist */,
			);
			path = AppOneUITests;
			sourceTree = "<group>";
		};
/* End PBXGroup section */

/* Begin PBXNativeTarget section */
		7D8C8C00220623B700FE1A46 /* AppOne */ = {
			isa = PBXNativeTarget;
			buildConfigurationList = 7D8C8C29220623BA00FE1A46 /* Build configuration list for PBXNativeTarget "AppOne" */;
			buildPhases = (
				7D8C8BFD220623B700FE1A46 /* Sources */,
				7D8C8BFE220623B700FE1A46 /* Frameworks */,
				7D8C8BFF220623B700FE1A46 /* Resources */,
			);
			buildRules = (
			);
			dependencies = (
			);
			name = AppOne;
			productName = AppOne;
			productReference = 7D8C8C01220623B700FE1A46 /* AppOne.app */;
			productType = "com.apple.product-type.application";
		};
		7D8C8C14220623BA00FE1A46 /* AppOneTests */ = {
			isa = PBXNativeTarget;
			buildConfigurationList = 7D8C8C2C220623BA00FE1A46 /* Build configuration list for PBXNativeTarget "AppOneTests" */;
			buildPhases = (
				7D8C8C11220623BA00FE1A46 /* Sources */,
				7D8C8C12220623BA00FE1A46 /* Frameworks */,
				7D8C8C13220623BA00FE1A46 /* Resources */,
			);
			buildRules = (
			);
			dependencies = (
				7D8C8C17220623BA00FE1A46 /* PBXTargetDependency */,
			);
			name = AppOneTests;
			productName = AppOneTests;
			productReference = 7D8C8C15220623BA00FE1A46 /* AppOneTests.xctest */;
			productType = "com.apple.product-type.bundle.unit-test";
		};
		7D8C8C1F220623BA00FE1A46 /* AppOneUITests */ = {
			isa = PBXNativeTarget;
			buildConfigurationList = 7D8C8C2F220623BA00FE1A46 /* Build configuration list for PBXNativeTarget "AppOneUITests" */;
			buildPhases = (
				7D8C8C1C220623BA00FE1A46 /* Sources */,
				7D8C8C1D220623BA00FE1A46 /* Frameworks */,
				7D8C8C1E220623BA00FE1A46 /* Resources */,
			);
			buildRules = (
			);
			dependencies = (
				7D8C8C22220623BA00FE1A46 /* PBXTargetDependency */,
			);
			name = AppOneUITests;
			productName = AppOneUITests;
			productReference = 7D8C8C20220623BA00FE1A46 /* AppOneUITests.xctest */;
			productType = "com.apple.product-type.bundle.ui-testing";
		};
/* End PBXNativeTarget section */

/* Begin PBXProject section */
		7D8C8BF9220623B700FE1A46 /* Project object */ = {
			isa = PBXProject;
			attributes = {
				LastSwiftUpdateCheck = 1010;
				LastUpgradeCheck = 1010;
				ORGANIZATIONNAME = Schock;
				TargetAttributes = {
					7D8C8C00220623B700FE1A46 = {
						CreatedOnToolsVersion = 10.1;
					};
					7D8C8C14220623BA00FE1A46 = {
						CreatedOnToolsVersion = 10.1;
						TestTargetID = 7D8C8C00220623B700FE1A46;
					};
					7D8C8C1F220623BA00FE1A46 = {
						CreatedOnToolsVersion = 10.1;
						TestTargetID = 7D8C8C00220623B700FE1A46;
					};
				};
			};
			buildConfigurationList = 7D8C8BFC220623B700FE1A46 /* Build configuration list for PBXProject "AppOne" */;
			compatibilityVersion = "Xcode 9.3";
			developmentRegion = en;
			hasScannedForEncodings = 0;
			knownRegions = (
				en,
				Base,
			);
			mainGroup = 7D8C8BF8220623B700FE1A46;
			productRefGroup = 7D8C8C02220623B700FE1A46 /* Products */;
			projectDirPath = "";
			projectRoot = "";
			targets = (
				7D8C8C00220623B700FE1A46 /* AppOne */,
				7D8C8C14220623BA00FE1A46 /* AppOneTests */,
				7D8C8C1F220623BA00FE1A46 /* AppOneUITests */,
			);
		};
/* End PBXProject section */

/* Begin PBXResourcesBuildPhase section */
		7D8C8BFF220623B700FE1A46 /* Resources */ = {
			isa = PBXResourcesBuildPhase;
			buildActionMask = 2147483647;
			files = (
				7D8C8C0F220623BA00FE1A46 /* LaunchScreen.storyboard in Resources */,
				7D8C8C0C220623BA00FE1A46 /* Assets.xcassets in Resources */,
				7D8C8C0A220623B700FE1A46 /* Main.storyboard in Resources */,
			);
			runOnlyForDeploymentPostprocessing = 0;
		};
		7D8C8C13220623BA00FE1A46 /* Resources */ = {
			isa = PBXResourcesBuildPhase;
			buildActionMask = 2147483647;
			files = (
			);
			runOnlyForDeploymentPostprocessing = 0;
		};
		7D8C8C1E220623BA00FE1A46 /* Resources */ = {
			isa = PBXResourcesBuildPhase;
			buildActionMask = 2147483647;
			files = (
			);
			runOnlyForDeploymentPostprocessing = 0;
		};
/* End PBXResourcesBuildPhase section */

/* Begin PBXSourcesBuildPhase section */
		7D8C8BFD220623B700FE1A46 /* Sources */ = {
			isa = PBXSourcesBuildPhase;
			buildActionMask = 2147483647;
			files = (
				7D8C8C07220623B700FE1A46 /* ViewController.swift in Sources */,
				7D8C8C05220623B700FE1A46 /* AppDelegate.swift in Sources */,
			);
			runOnlyForDeploymentPostprocessing = 0;
		};
		7D8C8C11220623BA00FE1A46 /* Sources */ = {
			isa = PBXSourcesBuildPhase;
			buildActionMask = 2147483647;
			files = (
				7D8C8C1A220623BA00FE1A46 /* AppOneTests.swift in Sources */,
			);
			runOnlyForDeploymentPostprocessing = 0;
		};
		7D8C8C1C220623BA00FE1A46 /* Sources */ = {
			isa = PBXSourcesBuildPhase;
			buildActionMask = 2147483647;
			files = (
				7D8C8C25220623BA00FE1A46 /* AppOneUITests.swift in Sources */,
			);
			runOnlyForDeploymentPostprocessing = 0;
		};
/* End PBXSourcesBuildPhase section */

/* Begin PBXTargetDependency section */
		7D8C8C17220623BA00FE1A46 /* PBXTargetDependency */ = {
			isa = PBXTargetDependency;
			target = 7D8C8C00220623B700FE1A46 /* AppOne */;
			targetProxy = 7D8C8C16220623BA00FE1A46 /* PBXContainerItemProxy */;
		};
		7D8C8C22220623BA00FE1A46 /* PBXTargetDependency */ = {
			isa = PBXTargetDependency;
			target = 7D8C8C00220623B700FE1A46 /* AppOne */;
			targetProxy = 7D8C8C21220623BA00FE1A46 /* PBXContainerItemProxy */;
		};
/* End PBXTargetDependency section */

/* Begin PBXVariantGroup section */
		7D8C8C08220623B700FE1A46 /* Main.storyboard */ = {
			isa = PBXVariantGroup;
			children = (
				7D8C8C09220623B700FE1A46 /* Base */,
			);
			name = Main.storyboard;
			sourceTree = "<group>";
		};
		7D8C8C0D220623BA00FE1A46 /* LaunchScreen.storyboard */ = {
			isa = PBXVariantGroup;
			children = (
				7D8C8C0E220623BA00FE1A46 /* Base */,
			);
			name = LaunchScreen.storyboard;
			sourceTree = "<group>";
		};
/* End PBXVariantGroup section */

/* Begin XCBuildConfiguration section */
		7D8C8C27220623BA00FE1A46 /* Debug */ = {
			isa = XCBuildConfiguration;
			buildSettings = {
				ALWAYS_SEARCH_USER_PATHS = NO;
				CLANG_ANALYZER_NONNULL = YES;
				CLANG_ANALYZER_NUMBER_OBJECT_CONVERSION = YES_AGGRESSIVE;
				CLANG_CXX_LANGUAGE_STANDARD = "gnu++14";
				CLANG_CXX_LIBRARY = "libc++";
				CLANG_ENABLE_MODULES = YES;
				CLANG_ENABLE_OBJC_ARC = YES;
				CLANG_ENABLE_OBJC_WEAK = YES;
				CLANG_WARN_BLOCK_CAPTURE_AUTORELEASING = YES;
				CLANG_WARN_BOOL_CONVERSION = YES;
				CLANG_WARN_COMMA = YES;
				CLANG_WARN_CONSTANT_CONVERSION = YES;
				CLANG_WARN_DEPRECATED_OBJC_IMPLEMENTATIONS = YES;
				CLANG_WARN_DIRECT_OBJC_ISA_USAGE = YES_ERROR;
				CLANG_WARN_DOCUMENTATION_COMMENTS = YES;
				CLANG_WARN_EMPTY_BODY = YES;
				CLANG_WARN_ENUM_CONVERSION = YES;
				CLANG_WARN_INFINITE_RECURSION = YES;
				CLANG_WARN_INT_CONVERSION = YES;
				CLANG_WARN_NON_LITERAL_NULL_CONVERSION = YES;
				CLANG_WARN_OBJC_IMPLICIT_RETAIN_SELF = YES;
				CLANG_WARN_OBJC_LITERAL_CONVERSION = YES;
				CLANG_WARN_OBJC_ROOT_CLASS = YES_ERROR;
				CLANG_WARN_RANGE_LOOP_ANALYSIS = YES;
				CLANG_WARN_STRICT_PROTOTYPES = YES;
				CLANG_WARN_SUSPICIOUS_MOVE = YES;
				CLANG_WARN_UNGUARDED_AVAILABILITY = YES_AGGRESSIVE;
				CLANG_WARN_UNREACHABLE_CODE = YES;
				CLANG_WARN__DUPLICATE_METHOD_MATCH = YES;
				CODE_SIGN_IDENTITY = "iPhone Developer";
				COPY_PHASE_STRIP = NO;
				DEBUG_INFORMATION_FORMAT = dwarf;
				ENABLE_STRICT_OBJC_MSGSEND = YES;
				ENABLE_TESTABILITY = YES;
				GCC_C_LANGUAGE_STANDARD = gnu11;
				GCC_DYNAMIC_NO_PIC = NO;
				GCC_NO_COMMON_BLOCKS = YES;
				GCC_OPTIMIZATION_LEVEL = 0;
				GCC_PREPROCESSOR_DEFINITIONS = (
					"DEBUG=1",
					"$(inherited)",
				);
				GCC_WARN_64_TO_32_BIT_CONVERSION = YES;
				GCC_WARN_ABOUT_RETURN_TYPE = YES_ERROR;
				GCC_WARN_UNDECLARED_SELECTOR = YES;
				GCC_WARN_UNINITIALIZED_AUTOS = YES_AGGRESSIVE;
				GCC_WARN_UNUSED_FUNCTION = YES;
				GCC_WARN_UNUSED_VARIABLE = YES;
				IPHONEOS_DEPLOYMENT_TARGET = 12.1;
				MTL_ENABLE_DEBUG_INFO = INCLUDE_SOURCE;
				MTL_FAST_MATH = YES;
				ONLY_ACTIVE_ARCH = YES;
				SDKROOT = iphoneos;
				SWIFT_ACTIVE_COMPILATION_CONDITIONS = DEBUG;
				SWIFT_OPTIMIZATION_LEVEL = "-Onone";
			};
			name = Debug;
		};
		7D8C8C28220623BA00FE1A46 /* Release */ = {
			isa = XCBuildConfiguration;
			buildSettings = {
				ALWAYS_SEARCH_USER_PATHS = NO;
				CLANG_ANALYZER_NONNULL = YES;
				CLANG_ANALYZER_NUMBER_OBJECT_CONVERSION = YES_AGGRESSIVE;
				CLANG_CXX_LANGUAGE_STANDARD = "gnu++14";
				CLANG_CXX_LIBRARY = "libc++";
				CLANG_ENABLE_MODULES = YES;
				CLANG_ENABLE_OBJC_ARC = YES;
				CLANG_ENABLE_OBJC_WEAK = YES;
				CLANG_WARN_BLOCK_CAPTURE_AUTORELEASING = YES;
				CLANG_WARN_BOOL_CONVERSION = YES;
				CLANG_WARN_COMMA = YES;
				CLANG_WARN_CONSTANT_CONVERSION = YES;
				CLANG_WARN_DEPRECATED_OBJC_IMPLEMENTATIONS = YES;
				CLANG_WARN_DIRECT_OBJC_ISA_USAGE = YES_ERROR;
				CLANG_WARN_DOCUMENTATION_COMMENTS = YES;
				CLANG_WARN_EMPTY_BODY = YES;
				CLANG_WARN_ENUM_CONVERSION = YES;
				CLANG_WARN_INFINITE_RECURSION = YES;
				CLANG_WARN_INT_CONVERSION = YES;
				CLANG_WARN_NON_LITERAL_NULL_CONVERSION = YES;
				CLANG_WARN_OBJC_IMPLICIT_RETAIN_SELF = YES;
				CLANG_WARN_OBJC_LITERAL_CONVERSION = YES;
				CLANG_WARN_OBJC_ROOT_CLASS = YES_ERROR;
				CLANG_WARN_RANGE_LOOP_ANALYSIS = YES;
				CLANG_WARN_STRICT_PROTOTYPES = YES;
				CLANG_WARN_SUSPICIOUS_MOVE = YES;
				CLANG_WARN_UNGUARDED_AVAILABILITY = YES_AGGRESSIVE;
				CLANG_WARN_UNREACHABLE_CODE = YES;
				CLANG_WARN__DUPLICATE_METHOD_MATCH = YES;
				CODE_SIGN_IDENTITY = "iPhone Developer";
				COPY_PHASE_STRIP = NO;
				DEBUG_INFORMATION_FORMAT = "dwarf-with-dsym";
				ENABLE_NS_ASSERTIONS = NO;
				ENABLE_STRICT_OBJC_MSGSEND = YES;
				GCC_C_LANGUAGE_STANDARD = gnu11;
				GCC_NO_COMMON_BLOCKS = YES;
				GCC_WARN_64_TO_32_BIT_CONVERSION = YES;
				GCC_WARN_ABOUT_RETURN_TYPE = YES_ERROR;
				GCC_WARN_UNDECLARED_SELECTOR = YES;
				GCC_WARN_UNINITIALIZED_AUTOS = YES_AGGRESSIVE;
				GCC_WARN_UNUSED_FUNCTION = YES;
				GCC_WARN_UNUSED_VARIABLE = YES;
				IPHONEOS_DEPLOYMENT_TARGET = 12.1;
				MTL_ENABLE_DEBUG_INFO = NO;
				MTL_FAST_MATH = YES;
				SDKROOT = iphoneos;
				SWIFT_COMPILATION_MODE = wholemodule;
				SWIFT_OPTIMIZATION_LEVEL = "-O";
				VALIDATE_PRODUCT = YES;
			};
			name = Release;
		};
		7D8C8C2A220623BA00FE1A46 /* Debug */ = {
			isa = XCBuildConfiguration;
			buildSettings = {
				ASSETCATALOG_COMPILER_APPICON_NAME = AppIcon;
				CODE_SIGN_STYLE = Automatic;
				INFOPLIST_FILE = AppOne/Info.plist;
				LD_RUNPATH_SEARCH_PATHS = (
					"$(inherited)",
					"@executable_path/Frameworks",
				);
				PRODUCT_BUNDLE_IDENTIFIER = com.schock.AppOne;
				PRODUCT_NAME = "$(TARGET_NAME)";
				SWIFT_VERSION = 4.2;
				TARGETED_DEVICE_FAMILY = "1,2";
			};
			name = Debug;
		};
		7D8C8C2B220623BA00FE1A46 /* Release */ = {
			isa = XCBuildConfiguration;
			buildSettings = {
				ASSETCATALOG_COMPILER_APPICON_NAME = AppIcon;
				CODE_SIGN_STYLE = Automatic;
				INFOPLIST_FILE = AppOne/Info.plist;
				LD_RUNPATH_SEARCH_PATHS = (
					"$(inherited)",
					"@executable_path/Frameworks",
				);
				PRODUCT_BUNDLE_IDENTIFIER = com.schock.AppOne;
				PRODUCT_NAME = "$(TARGET_NAME)";
				SWIFT_VERSION = 4.2;
				TARGETED_DEVICE_FAMILY = "1,2";
			};
			name = Release;
		};
		7D8C8C2D220623BA00FE1A46 /* Debug */ = {
			isa = XCBuildConfiguration;
			buildSettings = {
				ALWAYS_EMBED_SWIFT_STANDARD_LIBRARIES = YES;
				BUNDLE_LOADER = "$(TEST_HOST)";
				CODE_SIGN_STYLE = Automatic;
				INFOPLIST_FILE = AppOneTests/Info.plist;
				LD_RUNPATH_SEARCH_PATHS = (
					"$(inherited)",
					"@executable_path/Frameworks",
					"@loader_path/Frameworks",
				);
				PRODUCT_BUNDLE_IDENTIFIER = com.schock.AppOneTests;
				PRODUCT_NAME = "$(TARGET_NAME)";
				SWIFT_VERSION = 4.2;
				TARGETED_DEVICE_FAMILY = "1,2";
				TEST_HOST = "$(BUILT_PRODUCTS_DIR)/AppOne.app/AppOne";
			};
			name = Debug;
		};
		7D8C8C2E220623BA00FE1A46 /* Release */ = {
			isa = XCBuildConfiguration;
			buildSettings = {
				ALWAYS_EMBED_SWIFT_STANDARD_LIBRARIES = YES;
				BUNDLE_LOADER = "$(TEST_HOST)";
				CODE_SIGN_STYLE = Automatic;
				INFOPLIST_FILE = AppOneTests/Info.plist;
				LD_RUNPATH_SEARCH_PATHS = (
					"$(inherited)",
					"@executable_path/Frameworks",
					"@loader_path/Frameworks",
				);
				PRODUCT_BUNDLE_IDENTIFIER = com.schock.AppOneTests;
				PRODUCT_NAME = "$(TARGET_NAME)";
				SWIFT_VERSION = 4.2;
				TARGETED_DEVICE_FAMILY = "1,2";
				TEST_HOST = "$(BUILT_PRODUCTS_DIR)/AppOne.app/AppOne";
			};
			name = Release;
		};
		7D8C8C30220623BA00FE1A46 /* Debug */ = {
			isa = XCBuildConfiguration;
			buildSettings = {
				ALWAYS_EMBED_SWIFT_STANDARD_LIBRARIES = YES;
				CODE_SIGN_STYLE = Automatic;
				INFOPLIST_FILE = AppOneUITests/Info.plist;
				LD_RUNPATH_SEARCH_PATHS = (
					"$(inherited)",
					"@executable_path/Frameworks",
					"@loader_path/Frameworks",
				);
				PRODUCT_BUNDLE_IDENTIFIER = com.schock.AppOneUITests;
				PRODUCT_NAME = "$(TARGET_NAME)";
				SWIFT_VERSION = 4.2;
				TARGETED_DEVICE_FAMILY = "1,2";
				TEST_TARGET_NAME = AppOne;
			};
			name = Debug;
		};
		7D8C8C31220623BA00FE1A46 /* Release */ = {
			isa = XCBuildConfiguration;
			buildSettings = {
				ALWAYS_EMBED_SWIFT_STANDARD_LIBRARIES = YES;
				CODE_SIGN_STYLE = Automatic;
				INFOPLIST_FILE = AppOneUITests/Info.plist;
				LD_RUNPATH_SEARCH_PATHS = (
					"$(inherited)",
					"@executable_path/Frameworks",
					"@loader_path/Frameworks",
				);
				PRODUCT_BUNDLE_IDENTIFIER = com.schock.AppOneUITests;
				PRODUCT_NAME = "$(TARGET_NAME)";
				SWIFT_VERSION = 4.2;
				TARGETED_DEVICE_FAMILY = "1,2";
				TEST_TARGET_NAME = AppOne;
			};
			name = Release;
		};
/* End XCBuildConfiguration section */

/* Begin XCConfigurationList section */
		7D8C8BFC220623B700FE1A46 /* Build configuration list for PBXProject "AppOne" */ = {
			isa = XCConfigurationList;
			buildConfigurations = (
				7D8C8C27220623BA00FE1A46 /* Debug */,
				7D8C8C28220623BA00FE1A46 /* Release */,
			);
			defaultConfigurationIsVisible = 0;
			defaultConfigurationName = Release;
		};
		7D8C8C29220623BA00FE1A46 /* Build configuration list for PBXNativeTarget "AppOne" */ = {
			isa = XCConfigurationList;
			buildConfigurations = (
				7D8C8C2A220623BA00FE1A46 /* Debug */,
				7D8C8C2B220623BA00FE1A46 /* Release */,
			);
			defaultConfigurationIsVisible = 0;
			defaultConfigurationName = Release;
		};
		7D8C8C2C220623BA00FE1A46 /* Build configuration list for PBXNativeTarget "AppOneTests" */ = {
			isa = XCConfigurationList;
			buildConfigurations = (
				7D8C8C2D220623BA00FE1A46 /* Debug */,
				7D8C8C2E220623BA00FE1A46 /* Release */,
			);
			defaultConfigurationIsVisible = 0;
			defaultConfigurationName = Release;
		};
		7D8C8C2F220623BA00FE1A46 /* Build configuration list for PBXNativeTarget "AppOneUITests" */ = {
			isa = XCConfigurationList;
			buildConfigurations = (
				7D8C8C30220623BA00FE1A46 /* Debug */,
				7D8C8C31220623BA00FE1A46 /* Release */,
			);
			defaultConfigurationIsVisible = 0;
			defaultConfigurationName = Release;
		};
/* End XCConfigurationList section */
	};
	rootObject = 7D8C8BF9220623B700FE1A46 /* Project object */;
}
