// !$*UTF8*$!
{
	archiveVersion = 1;
	classes = {
	};
	objectVersion = 50;
	objects = {

/* Begin PBXBuildFile section */
		7D0154C52229EABE00604BC0 /* Extensions.swift in Sources */ = {isa = PBXBuildFile; fileRef = 7D0154C42229EABE00604BC0 /* Extensions.swift */; };
		7D0154C72229F36C00604BC0 /* RegisterViewController.swift in Sources */ = {isa = PBXBuildFile; fileRef = 7D0154C62229F36C00604BC0 /* RegisterViewController.swift */; };
		7DEAA1A022177852003F2DC4 /* AppDelegate.swift in Sources */ = {isa = PBXBuildFile; fileRef = 7DEAA19F22177852003F2DC4 /* AppDelegate.swift */; };
		7DEAA1A222177852003F2DC4 /* ViewController.swift in Sources */ = {isa = PBXBuildFile; fileRef = 7DEAA1A122177852003F2DC4 /* ViewController.swift */; };
		7DEAA1A522177852003F2DC4 /* Main.storyboard in Resources */ = {isa = PBXBuildFile; fileRef = 7DEAA1A322177852003F2DC4 /* Main.storyboard */; };
		7DEAA1A722177854003F2DC4 /* Assets.xcassets in Resources */ = {isa = PBXBuildFile; fileRef = 7DEAA1A622177854003F2DC4 /* Assets.xcassets */; };
		7DEAA1AA22177854003F2DC4 /* LaunchScreen.storyboard in Resources */ = {isa = PBXBuildFile; fileRef = 7DEAA1A822177854003F2DC4 /* LaunchScreen.storyboard */; };
		7DEAA1B522177854003F2DC4 /* AppFourTests.swift in Sources */ = {isa = PBXBuildFile; fileRef = 7DEAA1B422177854003F2DC4 /* AppFourTests.swift */; };
		7DEAA1C022177854003F2DC4 /* AppFourUITests.swift in Sources */ = {isa = PBXBuildFile; fileRef = 7DEAA1BF22177854003F2DC4 /* AppFourUITests.swift */; };
		7DEAA20822179032003F2DC4 /* Estudiante.swift in Sources */ = {isa = PBXBuildFile; fileRef = 7DEAA20722179032003F2DC4 /* Estudiante.swift */; };
		7DEAA2102217B144003F2DC4 /* ProfileViewController.swift in Sources */ = {isa = PBXBuildFile; fileRef = 7DEAA20F2217B144003F2DC4 /* ProfileViewController.swift */; };
/* End PBXBuildFile section */

/* Begin PBXContainerItemProxy section */
		7DEAA1B122177854003F2DC4 /* PBXContainerItemProxy */ = {
			isa = PBXContainerItemProxy;
			containerPortal = 7DEAA19422177852003F2DC4 /* Project object */;
			proxyType = 1;
			remoteGlobalIDString = 7DEAA19B22177852003F2DC4;
			remoteInfo = AppFour;
		};
		7DEAA1BC22177854003F2DC4 /* PBXContainerItemProxy */ = {
			isa = PBXContainerItemProxy;
			containerPortal = 7DEAA19422177852003F2DC4 /* Project object */;
			proxyType = 1;
			remoteGlobalIDString = 7DEAA19B22177852003F2DC4;
			remoteInfo = AppFour;
		};
/* End PBXContainerItemProxy section */

/* Begin PBXFileReference section */
		7D0154C42229EABE00604BC0 /* Extensions.swift */ = {isa = PBXFileReference; lastKnownFileType = sourcecode.swift; path = Extensions.swift; sourceTree = "<group>"; };
		7D0154C62229F36C00604BC0 /* RegisterViewController.swift */ = {isa = PBXFileReference; lastKnownFileType = sourcecode.swift; path = RegisterViewController.swift; sourceTree = "<group>"; };
		7DEAA19C22177852003F2DC4 /* AppFour.app */ = {isa = PBXFileReference; explicitFileType = wrapper.application; includeInIndex = 0; path = AppFour.app; sourceTree = BUILT_PRODUCTS_DIR; };
		7DEAA19F22177852003F2DC4 /* AppDelegate.swift */ = {isa = PBXFileReference; lastKnownFileType = sourcecode.swift; path = AppDelegate.swift; sourceTree = "<group>"; };
		7DEAA1A122177852003F2DC4 /* ViewController.swift */ = {isa = PBXFileReference; lastKnownFileType = sourcecode.swift; path = ViewController.swift; sourceTree = "<group>"; };
		7DEAA1A422177852003F2DC4 /* Base */ = {isa = PBXFileReference; lastKnownFileType = file.storyboard; name = Base; path = Base.lproj/Main.storyboard; sourceTree = "<group>"; };
		7DEAA1A622177854003F2DC4 /* Assets.xcassets */ = {isa = PBXFileReference; lastKnownFileType = folder.assetcatalog; path = Assets.xcassets; sourceTree = "<group>"; };
		7DEAA1A922177854003F2DC4 /* Base */ = {isa = PBXFileReference; lastKnownFileType = file.storyboard; name = Base; path = Base.lproj/LaunchScreen.storyboard; sourceTree = "<group>"; };
		7DEAA1AB22177854003F2DC4 /* Info.plist */ = {isa = PBXFileReference; lastKnownFileType = text.plist.xml; path = Info.plist; sourceTree = "<group>"; };
		7DEAA1B022177854003F2DC4 /* AppFourTests.xctest */ = {isa = PBXFileReference; explicitFileType = wrapper.cfbundle; includeInIndex = 0; path = AppFourTests.xctest; sourceTree = BUILT_PRODUCTS_DIR; };
		7DEAA1B422177854003F2DC4 /* AppFourTests.swift */ = {isa = PBXFileReference; lastKnownFileType = sourcecode.swift; path = AppFourTests.swift; sourceTree = "<group>"; };
		7DEAA1B622177854003F2DC4 /* Info.plist */ = {isa = PBXFileReference; lastKnownFileType = text.plist.xml; path = Info.plist; sourceTree = "<group>"; };
		7DEAA1BB22177854003F2DC4 /* AppFourUITests.xctest */ = {isa = PBXFileReference; explicitFileType = wrapper.cfbundle; includeInIndex = 0; path = AppFourUITests.xctest; sourceTree = BUILT_PRODUCTS_DIR; };
		7DEAA1BF22177854003F2DC4 /* AppFourUITests.swift */ = {isa = PBXFileReference; lastKnownFileType = sourcecode.swift; path = AppFourUITests.swift; sourceTree = "<group>"; };
		7DEAA1C122177854003F2DC4 /* Info.plist */ = {isa = PBXFileReference; lastKnownFileType = text.plist.xml; path = Info.plist; sourceTree = "<group>"; };
		7DEAA20722179032003F2DC4 /* Estudiante.swift */ = {isa = PBXFileReference; lastKnownFileType = sourcecode.swift; path = Estudiante.swift; sourceTree = "<group>"; };
		7DEAA20F2217B144003F2DC4 /* ProfileViewController.swift */ = {isa = PBXFileReference; lastKnownFileType = sourcecode.swift; path = ProfileViewController.swift; sourceTree = "<group>"; };
/* End PBXFileReference section */

/* Begin PBXFrameworksBuildPhase section */
		7DEAA19922177852003F2DC4 /* Frameworks */ = {
			isa = PBXFrameworksBuildPhase;
			buildActionMask = 2147483647;
			files = (
			);
			runOnlyForDeploymentPostprocessing = 0;
		};
		7DEAA1AD22177854003F2DC4 /* Frameworks */ = {
			isa = PBXFrameworksBuildPhase;
			buildActionMask = 2147483647;
			files = (
			);
			runOnlyForDeploymentPostprocessing = 0;
		};
		7DEAA1B822177854003F2DC4 /* Frameworks */ = {
			isa = PBXFrameworksBuildPhase;
			buildActionMask = 2147483647;
			files = (
			);
			runOnlyForDeploymentPostprocessing = 0;
		};
/* End PBXFrameworksBuildPhase section */

/* Begin PBXGroup section */
		7DEAA19322177852003F2DC4 = {
			isa = PBXGroup;
			children = (
				7DEAA19E22177852003F2DC4 /* AppFour */,
				7DEAA1B322177854003F2DC4 /* AppFourTests */,
				7DEAA1BE22177854003F2DC4 /* AppFourUITests */,
				7DEAA19D22177852003F2DC4 /* Products */,
			);
			sourceTree = "<group>";
		};
		7DEAA19D22177852003F2DC4 /* Products */ = {
			isa = PBXGroup;
			children = (
				7DEAA19C22177852003F2DC4 /* AppFour.app */,
				7DEAA1B022177854003F2DC4 /* AppFourTests.xctest */,
				7DEAA1BB22177854003F2DC4 /* AppFourUITests.xctest */,
			);
			name = Products;
			sourceTree = "<group>";
		};
		7DEAA19E22177852003F2DC4 /* AppFour */ = {
			isa = PBXGroup;
			children = (
				7D0154C42229EABE00604BC0 /* Extensions.swift */,
				7DEAA20722179032003F2DC4 /* Estudiante.swift */,
				7DEAA19F22177852003F2DC4 /* AppDelegate.swift */,
				7DEAA1A322177852003F2DC4 /* Main.storyboard */,
				7DEAA1A122177852003F2DC4 /* ViewController.swift */,
				7DEAA20F2217B144003F2DC4 /* ProfileViewController.swift */,
				7D0154C62229F36C00604BC0 /* RegisterViewController.swift */,
				7DEAA1A622177854003F2DC4 /* Assets.xcassets */,
				7DEAA1A822177854003F2DC4 /* LaunchScreen.storyboard */,
				7DEAA1AB22177854003F2DC4 /* Info.plist */,
			);
			path = AppFour;
			sourceTree = "<group>";
		};
		7DEAA1B322177854003F2DC4 /* AppFourTests */ = {
			isa = PBXGroup;
			children = (
				7DEAA1B422177854003F2DC4 /* AppFourTests.swift */,
				7DEAA1B622177854003F2DC4 /* Info.plist */,
			);
			path = AppFourTests;
			sourceTree = "<group>";
		};
		7DEAA1BE22177854003F2DC4 /* AppFourUITests */ = {
			isa = PBXGroup;
			children = (
				7DEAA1BF22177854003F2DC4 /* AppFourUITests.swift */,
				7DEAA1C122177854003F2DC4 /* Info.plist */,
			);
			path = AppFourUITests;
			sourceTree = "<group>";
		};
/* End PBXGroup section */

/* Begin PBXNativeTarget section */
		7DEAA19B22177852003F2DC4 /* AppFour */ = {
			isa = PBXNativeTarget;
			buildConfigurationList = 7DEAA1C422177854003F2DC4 /* Build configuration list for PBXNativeTarget "AppFour" */;
			buildPhases = (
				7DEAA19822177852003F2DC4 /* Sources */,
				7DEAA19922177852003F2DC4 /* Frameworks */,
				7DEAA19A22177852003F2DC4 /* Resources */,
			);
			buildRules = (
			);
			dependencies = (
			);
			name = AppFour;
			productName = AppFour;
			productReference = 7DEAA19C22177852003F2DC4 /* AppFour.app */;
			productType = "com.apple.product-type.application";
		};
		7DEAA1AF22177854003F2DC4 /* AppFourTests */ = {
			isa = PBXNativeTarget;
			buildConfigurationList = 7DEAA1C722177854003F2DC4 /* Build configuration list for PBXNativeTarget "AppFourTests" */;
			buildPhases = (
				7DEAA1AC22177854003F2DC4 /* Sources */,
				7DEAA1AD22177854003F2DC4 /* Frameworks */,
				7DEAA1AE22177854003F2DC4 /* Resources */,
			);
			buildRules = (
			);
			dependencies = (
				7DEAA1B222177854003F2DC4 /* PBXTargetDependency */,
			);
			name = AppFourTests;
			productName = AppFourTests;
			productReference = 7DEAA1B022177854003F2DC4 /* AppFourTests.xctest */;
			productType = "com.apple.product-type.bundle.unit-test";
		};
		7DEAA1BA22177854003F2DC4 /* AppFourUITests */ = {
			isa = PBXNativeTarget;
			buildConfigurationList = 7DEAA1CA22177854003F2DC4 /* Build configuration list for PBXNativeTarget "AppFourUITests" */;
			buildPhases = (
				7DEAA1B722177854003F2DC4 /* Sources */,
				7DEAA1B822177854003F2DC4 /* Frameworks */,
				7DEAA1B922177854003F2DC4 /* Resources */,
			);
			buildRules = (
			);
			dependencies = (
				7DEAA1BD22177854003F2DC4 /* PBXTargetDependency */,
			);
			name = AppFourUITests;
			productName = AppFourUITests;
			productReference = 7DEAA1BB22177854003F2DC4 /* AppFourUITests.xctest */;
			productType = "com.apple.product-type.bundle.ui-testing";
		};
/* End PBXNativeTarget section */

/* Begin PBXProject section */
		7DEAA19422177852003F2DC4 /* Project object */ = {
			isa = PBXProject;
			attributes = {
				LastSwiftUpdateCheck = 1010;
				LastUpgradeCheck = 1010;
				ORGANIZATIONNAME = Schock;
				TargetAttributes = {
					7DEAA19B22177852003F2DC4 = {
						CreatedOnToolsVersion = 10.1;
					};
					7DEAA1AF22177854003F2DC4 = {
						CreatedOnToolsVersion = 10.1;
						TestTargetID = 7DEAA19B22177852003F2DC4;
					};
					7DEAA1BA22177854003F2DC4 = {
						CreatedOnToolsVersion = 10.1;
						TestTargetID = 7DEAA19B22177852003F2DC4;
					};
				};
			};
			buildConfigurationList = 7DEAA19722177852003F2DC4 /* Build configuration list for PBXProject "AppFour" */;
			compatibilityVersion = "Xcode 9.3";
			developmentRegion = en;
			hasScannedForEncodings = 0;
			knownRegions = (
				en,
				Base,
			);
			mainGroup = 7DEAA19322177852003F2DC4;
			productRefGroup = 7DEAA19D22177852003F2DC4 /* Products */;
			projectDirPath = "";
			projectRoot = "";
			targets = (
				7DEAA19B22177852003F2DC4 /* AppFour */,
				7DEAA1AF22177854003F2DC4 /* AppFourTests */,
				7DEAA1BA22177854003F2DC4 /* AppFourUITests */,
			);
		};
/* End PBXProject section */

/* Begin PBXResourcesBuildPhase section */
		7DEAA19A22177852003F2DC4 /* Resources */ = {
			isa = PBXResourcesBuildPhase;
			buildActionMask = 2147483647;
			files = (
				7DEAA1AA22177854003F2DC4 /* LaunchScreen.storyboard in Resources */,
				7DEAA1A722177854003F2DC4 /* Assets.xcassets in Resources */,
				7DEAA1A522177852003F2DC4 /* Main.storyboard in Resources */,
			);
			runOnlyForDeploymentPostprocessing = 0;
		};
		7DEAA1AE22177854003F2DC4 /* Resources */ = {
			isa = PBXResourcesBuildPhase;
			buildActionMask = 2147483647;
			files = (
			);
			runOnlyForDeploymentPostprocessing = 0;
		};
		7DEAA1B922177854003F2DC4 /* Resources */ = {
			isa = PBXResourcesBuildPhase;
			buildActionMask = 2147483647;
			files = (
			);
			runOnlyForDeploymentPostprocessing = 0;
		};
/* End PBXResourcesBuildPhase section */

/* Begin PBXSourcesBuildPhase section */
		7DEAA19822177852003F2DC4 /* Sources */ = {
			isa = PBXSourcesBuildPhase;
			buildActionMask = 2147483647;
			files = (
				7D0154C52229EABE00604BC0 /* Extensions.swift in Sources */,
				7DEAA20822179032003F2DC4 /* Estudiante.swift in Sources */,
				7DEAA1A222177852003F2DC4 /* ViewController.swift in Sources */,
				7D0154C72229F36C00604BC0 /* RegisterViewController.swift in Sources */,
				7DEAA2102217B144003F2DC4 /* ProfileViewController.swift in Sources */,
				7DEAA1A022177852003F2DC4 /* AppDelegate.swift in Sources */,
			);
			runOnlyForDeploymentPostprocessing = 0;
		};
		7DEAA1AC22177854003F2DC4 /* Sources */ = {
			isa = PBXSourcesBuildPhase;
			buildActionMask = 2147483647;
			files = (
				7DEAA1B522177854003F2DC4 /* AppFourTests.swift in Sources */,
			);
			runOnlyForDeploymentPostprocessing = 0;
		};
		7DEAA1B722177854003F2DC4 /* Sources */ = {
			isa = PBXSourcesBuildPhase;
			buildActionMask = 2147483647;
			files = (
				7DEAA1C022177854003F2DC4 /* AppFourUITests.swift in Sources */,
			);
			runOnlyForDeploymentPostprocessing = 0;
		};
/* End PBXSourcesBuildPhase section */

/* Begin PBXTargetDependency section */
		7DEAA1B222177854003F2DC4 /* PBXTargetDependency */ = {
			isa = PBXTargetDependency;
			target = 7DEAA19B22177852003F2DC4 /* AppFour */;
			targetProxy = 7DEAA1B122177854003F2DC4 /* PBXContainerItemProxy */;
		};
		7DEAA1BD22177854003F2DC4 /* PBXTargetDependency */ = {
			isa = PBXTargetDependency;
			target = 7DEAA19B22177852003F2DC4 /* AppFour */;
			targetProxy = 7DEAA1BC22177854003F2DC4 /* PBXContainerItemProxy */;
		};
/* End PBXTargetDependency section */

/* Begin PBXVariantGroup section */
		7DEAA1A322177852003F2DC4 /* Main.storyboard */ = {
			isa = PBXVariantGroup;
			children = (
				7DEAA1A422177852003F2DC4 /* Base */,
			);
			name = Main.storyboard;
			sourceTree = "<group>";
		};
		7DEAA1A822177854003F2DC4 /* LaunchScreen.storyboard */ = {
			isa = PBXVariantGroup;
			children = (
				7DEAA1A922177854003F2DC4 /* Base */,
			);
			name = LaunchScreen.storyboard;
			sourceTree = "<group>";
		};
/* End PBXVariantGroup section */

/* Begin XCBuildConfiguration section */
		7DEAA1C222177854003F2DC4 /* Debug */ = {
			isa = XCBuildConfiguration;
			buildSettings = {
				ALWAYS_SEARCH_USER_PATHS = NO;
				CLANG_ANALYZER_NONNULL = YES;
				CLANG_ANALYZER_NUMBER_OBJECT_CONVERSION = YES_AGGRESSIVE;
				CLANG_CXX_LANGUAGE_STANDARD = "gnu++14";
				CLANG_CXX_LIBRARY = "libc++";
				CLANG_ENABLE_MODULES = YES;
				CLANG_ENABLE_OBJC_ARC = YES;
				CLANG_ENABLE_OBJC_WEAK = YES;
				CLANG_WARN_BLOCK_CAPTURE_AUTORELEASING = YES;
				CLANG_WARN_BOOL_CONVERSION = YES;
				CLANG_WARN_COMMA = YES;
				CLANG_WARN_CONSTANT_CONVERSION = YES;
				CLANG_WARN_DEPRECATED_OBJC_IMPLEMENTATIONS = YES;
				CLANG_WARN_DIRECT_OBJC_ISA_USAGE = YES_ERROR;
				CLANG_WARN_DOCUMENTATION_COMMENTS = YES;
				CLANG_WARN_EMPTY_BODY = YES;
				CLANG_WARN_ENUM_CONVERSION = YES;
				CLANG_WARN_INFINITE_RECURSION = YES;
				CLANG_WARN_INT_CONVERSION = YES;
				CLANG_WARN_NON_LITERAL_NULL_CONVERSION = YES;
				CLANG_WARN_OBJC_IMPLICIT_RETAIN_SELF = YES;
				CLANG_WARN_OBJC_LITERAL_CONVERSION = YES;
				CLANG_WARN_OBJC_ROOT_CLASS = YES_ERROR;
				CLANG_WARN_RANGE_LOOP_ANALYSIS = YES;
				CLANG_WARN_STRICT_PROTOTYPES = YES;
				CLANG_WARN_SUSPICIOUS_MOVE = YES;
				CLANG_WARN_UNGUARDED_AVAILABILITY = YES_AGGRESSIVE;
				CLANG_WARN_UNREACHABLE_CODE = YES;
				CLANG_WARN__DUPLICATE_METHOD_MATCH = YES;
				CODE_SIGN_IDENTITY = "iPhone Developer";
				COPY_PHASE_STRIP = NO;
				DEBUG_INFORMATION_FORMAT = dwarf;
				ENABLE_STRICT_OBJC_MSGSEND = YES;
				ENABLE_TESTABILITY = YES;
				GCC_C_LANGUAGE_STANDARD = gnu11;
				GCC_DYNAMIC_NO_PIC = NO;
				GCC_NO_COMMON_BLOCKS = YES;
				GCC_OPTIMIZATION_LEVEL = 0;
				GCC_PREPROCESSOR_DEFINITIONS = (
					"DEBUG=1",
					"$(inherited)",
				);
				GCC_WARN_64_TO_32_BIT_CONVERSION = YES;
				GCC_WARN_ABOUT_RETURN_TYPE = YES_ERROR;
				GCC_WARN_UNDECLARED_SELECTOR = YES;
				GCC_WARN_UNINITIALIZED_AUTOS = YES_AGGRESSIVE;
				GCC_WARN_UNUSED_FUNCTION = YES;
				GCC_WARN_UNUSED_VARIABLE = YES;
				IPHONEOS_DEPLOYMENT_TARGET = 12.1;
				MTL_ENABLE_DEBUG_INFO = INCLUDE_SOURCE;
				MTL_FAST_MATH = YES;
				ONLY_ACTIVE_ARCH = YES;
				SDKROOT = iphoneos;
				SWIFT_ACTIVE_COMPILATION_CONDITIONS = DEBUG;
				SWIFT_OPTIMIZATION_LEVEL = "-Onone";
			};
			name = Debug;
		};
		7DEAA1C322177854003F2DC4 /* Release */ = {
			isa = XCBuildConfiguration;
			buildSettings = {
				ALWAYS_SEARCH_USER_PATHS = NO;
				CLANG_ANALYZER_NONNULL = YES;
				CLANG_ANALYZER_NUMBER_OBJECT_CONVERSION = YES_AGGRESSIVE;
				CLANG_CXX_LANGUAGE_STANDARD = "gnu++14";
				CLANG_CXX_LIBRARY = "libc++";
				CLANG_ENABLE_MODULES = YES;
				CLANG_ENABLE_OBJC_ARC = YES;
				CLANG_ENABLE_OBJC_WEAK = YES;
				CLANG_WARN_BLOCK_CAPTURE_AUTORELEASING = YES;
				CLANG_WARN_BOOL_CONVERSION = YES;
				CLANG_WARN_COMMA = YES;
				CLANG_WARN_CONSTANT_CONVERSION = YES;
				CLANG_WARN_DEPRECATED_OBJC_IMPLEMENTATIONS = YES;
				CLANG_WARN_DIRECT_OBJC_ISA_USAGE = YES_ERROR;
				CLANG_WARN_DOCUMENTATION_COMMENTS = YES;
				CLANG_WARN_EMPTY_BODY = YES;
				CLANG_WARN_ENUM_CONVERSION = YES;
				CLANG_WARN_INFINITE_RECURSION = YES;
				CLANG_WARN_INT_CONVERSION = YES;
				CLANG_WARN_NON_LITERAL_NULL_CONVERSION = YES;
				CLANG_WARN_OBJC_IMPLICIT_RETAIN_SELF = YES;
				CLANG_WARN_OBJC_LITERAL_CONVERSION = YES;
				CLANG_WARN_OBJC_ROOT_CLASS = YES_ERROR;
				CLANG_WARN_RANGE_LOOP_ANALYSIS = YES;
				CLANG_WARN_STRICT_PROTOTYPES = YES;
				CLANG_WARN_SUSPICIOUS_MOVE = YES;
				CLANG_WARN_UNGUARDED_AVAILABILITY = YES_AGGRESSIVE;
				CLANG_WARN_UNREACHABLE_CODE = YES;
				CLANG_WARN__DUPLICATE_METHOD_MATCH = YES;
				CODE_SIGN_IDENTITY = "iPhone Developer";
				COPY_PHASE_STRIP = NO;
				DEBUG_INFORMATION_FORMAT = "dwarf-with-dsym";
				ENABLE_NS_ASSERTIONS = NO;
				ENABLE_STRICT_OBJC_MSGSEND = YES;
				GCC_C_LANGUAGE_STANDARD = gnu11;
				GCC_NO_COMMON_BLOCKS = YES;
				GCC_WARN_64_TO_32_BIT_CONVERSION = YES;
				GCC_WARN_ABOUT_RETURN_TYPE = YES_ERROR;
				GCC_WARN_UNDECLARED_SELECTOR = YES;
				GCC_WARN_UNINITIALIZED_AUTOS = YES_AGGRESSIVE;
				GCC_WARN_UNUSED_FUNCTION = YES;
				GCC_WARN_UNUSED_VARIABLE = YES;
				IPHONEOS_DEPLOYMENT_TARGET = 12.1;
				MTL_ENABLE_DEBUG_INFO = NO;
				MTL_FAST_MATH = YES;
				SDKROOT = iphoneos;
				SWIFT_COMPILATION_MODE = wholemodule;
				SWIFT_OPTIMIZATION_LEVEL = "-O";
				VALIDATE_PRODUCT = YES;
			};
			name = Release;
		};
		7DEAA1C522177854003F2DC4 /* Debug */ = {
			isa = XCBuildConfiguration;
			buildSettings = {
				ASSETCATALOG_COMPILER_APPICON_NAME = AppIcon;
				CODE_SIGN_STYLE = Automatic;
				INFOPLIST_FILE = AppFour/Info.plist;
				LD_RUNPATH_SEARCH_PATHS = (
					"$(inherited)",
					"@executable_path/Frameworks",
				);
				PRODUCT_BUNDLE_IDENTIFIER = com.schock.AppFour;
				PRODUCT_NAME = "$(TARGET_NAME)";
				SWIFT_VERSION = 4.2;
				TARGETED_DEVICE_FAMILY = "1,2";
			};
			name = Debug;
		};
		7DEAA1C622177854003F2DC4 /* Release */ = {
			isa = XCBuildConfiguration;
			buildSettings = {
				ASSETCATALOG_COMPILER_APPICON_NAME = AppIcon;
				CODE_SIGN_STYLE = Automatic;
				INFOPLIST_FILE = AppFour/Info.plist;
				LD_RUNPATH_SEARCH_PATHS = (
					"$(inherited)",
					"@executable_path/Frameworks",
				);
				PRODUCT_BUNDLE_IDENTIFIER = com.schock.AppFour;
				PRODUCT_NAME = "$(TARGET_NAME)";
				SWIFT_VERSION = 4.2;
				TARGETED_DEVICE_FAMILY = "1,2";
			};
			name = Release;
		};
		7DEAA1C822177854003F2DC4 /* Debug */ = {
			isa = XCBuildConfiguration;
			buildSettings = {
				ALWAYS_EMBED_SWIFT_STANDARD_LIBRARIES = YES;
				BUNDLE_LOADER = "$(TEST_HOST)";
				CODE_SIGN_STYLE = Automatic;
				INFOPLIST_FILE = AppFourTests/Info.plist;
				LD_RUNPATH_SEARCH_PATHS = (
					"$(inherited)",
					"@executable_path/Frameworks",
					"@loader_path/Frameworks",
				);
				PRODUCT_BUNDLE_IDENTIFIER = com.schock.AppFourTests;
				PRODUCT_NAME = "$(TARGET_NAME)";
				SWIFT_VERSION = 4.2;
				TARGETED_DEVICE_FAMILY = "1,2";
				TEST_HOST = "$(BUILT_PRODUCTS_DIR)/AppFour.app/AppFour";
			};
			name = Debug;
		};
		7DEAA1C922177854003F2DC4 /* Release */ = {
			isa = XCBuildConfiguration;
			buildSettings = {
				ALWAYS_EMBED_SWIFT_STANDARD_LIBRARIES = YES;
				BUNDLE_LOADER = "$(TEST_HOST)";
				CODE_SIGN_STYLE = Automatic;
				INFOPLIST_FILE = AppFourTests/Info.plist;
				LD_RUNPATH_SEARCH_PATHS = (
					"$(inherited)",
					"@executable_path/Frameworks",
					"@loader_path/Frameworks",
				);
				PRODUCT_BUNDLE_IDENTIFIER = com.schock.AppFourTests;
				PRODUCT_NAME = "$(TARGET_NAME)";
				SWIFT_VERSION = 4.2;
				TARGETED_DEVICE_FAMILY = "1,2";
				TEST_HOST = "$(BUILT_PRODUCTS_DIR)/AppFour.app/AppFour";
			};
			name = Release;
		};
		7DEAA1CB22177854003F2DC4 /* Debug */ = {
			isa = XCBuildConfiguration;
			buildSettings = {
				ALWAYS_EMBED_SWIFT_STANDARD_LIBRARIES = YES;
				CODE_SIGN_STYLE = Automatic;
				INFOPLIST_FILE = AppFourUITests/Info.plist;
				LD_RUNPATH_SEARCH_PATHS = (
					"$(inherited)",
					"@executable_path/Frameworks",
					"@loader_path/Frameworks",
				);
				PRODUCT_BUNDLE_IDENTIFIER = com.schock.AppFourUITests;
				PRODUCT_NAME = "$(TARGET_NAME)";
				SWIFT_VERSION = 4.2;
				TARGETED_DEVICE_FAMILY = "1,2";
				TEST_TARGET_NAME = AppFour;
			};
			name = Debug;
		};
		7DEAA1CC22177854003F2DC4 /* Release */ = {
			isa = XCBuildConfiguration;
			buildSettings = {
				ALWAYS_EMBED_SWIFT_STANDARD_LIBRARIES = YES;
				CODE_SIGN_STYLE = Automatic;
				INFOPLIST_FILE = AppFourUITests/Info.plist;
				LD_RUNPATH_SEARCH_PATHS = (
					"$(inherited)",
					"@executable_path/Frameworks",
					"@loader_path/Frameworks",
				);
				PRODUCT_BUNDLE_IDENTIFIER = com.schock.AppFourUITests;
				PRODUCT_NAME = "$(TARGET_NAME)";
				SWIFT_VERSION = 4.2;
				TARGETED_DEVICE_FAMILY = "1,2";
				TEST_TARGET_NAME = AppFour;
			};
			name = Release;
		};
/* End XCBuildConfiguration section */

/* Begin XCConfigurationList section */
		7DEAA19722177852003F2DC4 /* Build configuration list for PBXProject "AppFour" */ = {
			isa = XCConfigurationList;
			buildConfigurations = (
				7DEAA1C222177854003F2DC4 /* Debug */,
				7DEAA1C322177854003F2DC4 /* Release */,
			);
			defaultConfigurationIsVisible = 0;
			defaultConfigurationName = Release;
		};
		7DEAA1C422177854003F2DC4 /* Build configuration list for PBXNativeTarget "AppFour" */ = {
			isa = XCConfigurationList;
			buildConfigurations = (
				7DEAA1C522177854003F2DC4 /* Debug */,
				7DEAA1C622177854003F2DC4 /* Release */,
			);
			defaultConfigurationIsVisible = 0;
			defaultConfigurationName = Release;
		};
		7DEAA1C722177854003F2DC4 /* Build configuration list for PBXNativeTarget "AppFourTests" */ = {
			isa = XCConfigurationList;
			buildConfigurations = (
				7DEAA1C822177854003F2DC4 /* Debug */,
				7DEAA1C922177854003F2DC4 /* Release */,
			);
			defaultConfigurationIsVisible = 0;
			defaultConfigurationName = Release;
		};
		7DEAA1CA22177854003F2DC4 /* Build configuration list for PBXNativeTarget "AppFourUITests" */ = {
			isa = XCConfigurationList;
			buildConfigurations = (
				7DEAA1CB22177854003F2DC4 /* Debug */,
				7DEAA1CC22177854003F2DC4 /* Release */,
			);
			defaultConfigurationIsVisible = 0;
			defaultConfigurationName = Release;
		};
/* End XCConfigurationList section */
	};
	rootObject = 7DEAA19422177852003F2DC4 /* Project object */;
}
