// !$*UTF8*$!
{
	archiveVersion = 1;
	classes = {
	};
	objectVersion = 50;
	objects = {

/* Begin PBXBuildFile section */
		7DE1AE19223327D20095ECCF /* AppDelegate.swift in Sources */ = {isa = PBXBuildFile; fileRef = 7DE1AE18223327D20095ECCF /* AppDelegate.swift */; };
		7DE1AE1B223327D20095ECCF /* ViewController.swift in Sources */ = {isa = PBXBuildFile; fileRef = 7DE1AE1A223327D20095ECCF /* ViewController.swift */; };
		7DE1AE1E223327D20095ECCF /* Main.storyboard in Resources */ = {isa = PBXBuildFile; fileRef = 7DE1AE1C223327D20095ECCF /* Main.storyboard */; };
		7DE1AE20223327D30095ECCF /* Assets.xcassets in Resources */ = {isa = PBXBuildFile; fileRef = 7DE1AE1F223327D30095ECCF /* Assets.xcassets */; };
		7DE1AE23223327D30095ECCF /* LaunchScreen.storyboard in Resources */ = {isa = PBXBuildFile; fileRef = 7DE1AE21223327D30095ECCF /* LaunchScreen.storyboard */; };
		7DE1AE2E223327D40095ECCF /* AppEightTests.swift in Sources */ = {isa = PBXBuildFile; fileRef = 7DE1AE2D223327D40095ECCF /* AppEightTests.swift */; };
		7DE1AE39223327D40095ECCF /* AppEightUITests.swift in Sources */ = {isa = PBXBuildFile; fileRef = 7DE1AE38223327D40095ECCF /* AppEightUITests.swift */; };
/* End PBXBuildFile section */

/* Begin PBXContainerItemProxy section */
		7DE1AE2A223327D40095ECCF /* PBXContainerItemProxy */ = {
			isa = PBXContainerItemProxy;
			containerPortal = 7DE1AE0D223327D20095ECCF /* Project object */;
			proxyType = 1;
			remoteGlobalIDString = 7DE1AE14223327D20095ECCF;
			remoteInfo = AppEight;
		};
		7DE1AE35223327D40095ECCF /* PBXContainerItemProxy */ = {
			isa = PBXContainerItemProxy;
			containerPortal = 7DE1AE0D223327D20095ECCF /* Project object */;
			proxyType = 1;
			remoteGlobalIDString = 7DE1AE14223327D20095ECCF;
			remoteInfo = AppEight;
		};
/* End PBXContainerItemProxy section */

/* Begin PBXFileReference section */
		7DE1AE15223327D20095ECCF /* AppEight.app */ = {isa = PBXFileReference; explicitFileType = wrapper.application; includeInIndex = 0; path = AppEight.app; sourceTree = BUILT_PRODUCTS_DIR; };
		7DE1AE18223327D20095ECCF /* AppDelegate.swift */ = {isa = PBXFileReference; lastKnownFileType = sourcecode.swift; path = AppDelegate.swift; sourceTree = "<group>"; };
		7DE1AE1A223327D20095ECCF /* ViewController.swift */ = {isa = PBXFileReference; lastKnownFileType = sourcecode.swift; path = ViewController.swift; sourceTree = "<group>"; };
		7DE1AE1D223327D20095ECCF /* Base */ = {isa = PBXFileReference; lastKnownFileType = file.storyboard; name = Base; path = Base.lproj/Main.storyboard; sourceTree = "<group>"; };
		7DE1AE1F223327D30095ECCF /* Assets.xcassets */ = {isa = PBXFileReference; lastKnownFileType = folder.assetcatalog; path = Assets.xcassets; sourceTree = "<group>"; };
		7DE1AE22223327D30095ECCF /* Base */ = {isa = PBXFileReference; lastKnownFileType = file.storyboard; name = Base; path = Base.lproj/LaunchScreen.storyboard; sourceTree = "<group>"; };
		7DE1AE24223327D30095ECCF /* Info.plist */ = {isa = PBXFileReference; lastKnownFileType = text.plist.xml; path = Info.plist; sourceTree = "<group>"; };
		7DE1AE29223327D40095ECCF /* AppEightTests.xctest */ = {isa = PBXFileReference; explicitFileType = wrapper.cfbundle; includeInIndex = 0; path = AppEightTests.xctest; sourceTree = BUILT_PRODUCTS_DIR; };
		7DE1AE2D223327D40095ECCF /* AppEightTests.swift */ = {isa = PBXFileReference; lastKnownFileType = sourcecode.swift; path = AppEightTests.swift; sourceTree = "<group>"; };
		7DE1AE2F223327D40095ECCF /* Info.plist */ = {isa = PBXFileReference; lastKnownFileType = text.plist.xml; path = Info.plist; sourceTree = "<group>"; };
		7DE1AE34223327D40095ECCF /* AppEightUITests.xctest */ = {isa = PBXFileReference; explicitFileType = wrapper.cfbundle; includeInIndex = 0; path = AppEightUITests.xctest; sourceTree = BUILT_PRODUCTS_DIR; };
		7DE1AE38223327D40095ECCF /* AppEightUITests.swift */ = {isa = PBXFileReference; lastKnownFileType = sourcecode.swift; path = AppEightUITests.swift; sourceTree = "<group>"; };
		7DE1AE3A223327D40095ECCF /* Info.plist */ = {isa = PBXFileReference; lastKnownFileType = text.plist.xml; path = Info.plist; sourceTree = "<group>"; };
/* End PBXFileReference section */

/* Begin PBXFrameworksBuildPhase section */
		7DE1AE12223327D20095ECCF /* Frameworks */ = {
			isa = PBXFrameworksBuildPhase;
			buildActionMask = 2147483647;
			files = (
			);
			runOnlyForDeploymentPostprocessing = 0;
		};
		7DE1AE26223327D40095ECCF /* Frameworks */ = {
			isa = PBXFrameworksBuildPhase;
			buildActionMask = 2147483647;
			files = (
			);
			runOnlyForDeploymentPostprocessing = 0;
		};
		7DE1AE31223327D40095ECCF /* Frameworks */ = {
			isa = PBXFrameworksBuildPhase;
			buildActionMask = 2147483647;
			files = (
			);
			runOnlyForDeploymentPostprocessing = 0;
		};
/* End PBXFrameworksBuildPhase section */

/* Begin PBXGroup section */
		7DE1AE0C223327D20095ECCF = {
			isa = PBXGroup;
			children = (
				7DE1AE17223327D20095ECCF /* AppEight */,
				7DE1AE2C223327D40095ECCF /* AppEightTests */,
				7DE1AE37223327D40095ECCF /* AppEightUITests */,
				7DE1AE16223327D20095ECCF /* Products */,
			);
			sourceTree = "<group>";
		};
		7DE1AE16223327D20095ECCF /* Products */ = {
			isa = PBXGroup;
			children = (
				7DE1AE15223327D20095ECCF /* AppEight.app */,
				7DE1AE29223327D40095ECCF /* AppEightTests.xctest */,
				7DE1AE34223327D40095ECCF /* AppEightUITests.xctest */,
			);
			name = Products;
			sourceTree = "<group>";
		};
		7DE1AE17223327D20095ECCF /* AppEight */ = {
			isa = PBXGroup;
			children = (
				7DE1AE18223327D20095ECCF /* AppDelegate.swift */,
				7DE1AE1A223327D20095ECCF /* ViewController.swift */,
				7DE1AE1C223327D20095ECCF /* Main.storyboard */,
				7DE1AE1F223327D30095ECCF /* Assets.xcassets */,
				7DE1AE21223327D30095ECCF /* LaunchScreen.storyboard */,
				7DE1AE24223327D30095ECCF /* Info.plist */,
			);
			path = AppEight;
			sourceTree = "<group>";
		};
		7DE1AE2C223327D40095ECCF /* AppEightTests */ = {
			isa = PBXGroup;
			children = (
				7DE1AE2D223327D40095ECCF /* AppEightTests.swift */,
				7DE1AE2F223327D40095ECCF /* Info.plist */,
			);
			path = AppEightTests;
			sourceTree = "<group>";
		};
		7DE1AE37223327D40095ECCF /* AppEightUITests */ = {
			isa = PBXGroup;
			children = (
				7DE1AE38223327D40095ECCF /* AppEightUITests.swift */,
				7DE1AE3A223327D40095ECCF /* Info.plist */,
			);
			path = AppEightUITests;
			sourceTree = "<group>";
		};
/* End PBXGroup section */

/* Begin PBXNativeTarget section */
		7DE1AE14223327D20095ECCF /* AppEight */ = {
			isa = PBXNativeTarget;
			buildConfigurationList = 7DE1AE3D223327D40095ECCF /* Build configuration list for PBXNativeTarget "AppEight" */;
			buildPhases = (
				7DE1AE11223327D20095ECCF /* Sources */,
				7DE1AE12223327D20095ECCF /* Frameworks */,
				7DE1AE13223327D20095ECCF /* Resources */,
			);
			buildRules = (
			);
			dependencies = (
			);
			name = AppEight;
			productName = AppEight;
			productReference = 7DE1AE15223327D20095ECCF /* AppEight.app */;
			productType = "com.apple.product-type.application";
		};
		7DE1AE28223327D40095ECCF /* AppEightTests */ = {
			isa = PBXNativeTarget;
			buildConfigurationList = 7DE1AE40223327D40095ECCF /* Build configuration list for PBXNativeTarget "AppEightTests" */;
			buildPhases = (
				7DE1AE25223327D40095ECCF /* Sources */,
				7DE1AE26223327D40095ECCF /* Frameworks */,
				7DE1AE27223327D40095ECCF /* Resources */,
			);
			buildRules = (
			);
			dependencies = (
				7DE1AE2B223327D40095ECCF /* PBXTargetDependency */,
			);
			name = AppEightTests;
			productName = AppEightTests;
			productReference = 7DE1AE29223327D40095ECCF /* AppEightTests.xctest */;
			productType = "com.apple.product-type.bundle.unit-test";
		};
		7DE1AE33223327D40095ECCF /* AppEightUITests */ = {
			isa = PBXNativeTarget;
			buildConfigurationList = 7DE1AE43223327D40095ECCF /* Build configuration list for PBXNativeTarget "AppEightUITests" */;
			buildPhases = (
				7DE1AE30223327D40095ECCF /* Sources */,
				7DE1AE31223327D40095ECCF /* Frameworks */,
				7DE1AE32223327D40095ECCF /* Resources */,
			);
			buildRules = (
			);
			dependencies = (
				7DE1AE36223327D40095ECCF /* PBXTargetDependency */,
			);
			name = AppEightUITests;
			productName = AppEightUITests;
			productReference = 7DE1AE34223327D40095ECCF /* AppEightUITests.xctest */;
			productType = "com.apple.product-type.bundle.ui-testing";
		};
/* End PBXNativeTarget section */

/* Begin PBXProject section */
		7DE1AE0D223327D20095ECCF /* Project object */ = {
			isa = PBXProject;
			attributes = {
				LastSwiftUpdateCheck = 1010;
				LastUpgradeCheck = 1010;
				ORGANIZATIONNAME = Schock;
				TargetAttributes = {
					7DE1AE14223327D20095ECCF = {
						CreatedOnToolsVersion = 10.1;
					};
					7DE1AE28223327D40095ECCF = {
						CreatedOnToolsVersion = 10.1;
						TestTargetID = 7DE1AE14223327D20095ECCF;
					};
					7DE1AE33223327D40095ECCF = {
						CreatedOnToolsVersion = 10.1;
						TestTargetID = 7DE1AE14223327D20095ECCF;
					};
				};
			};
			buildConfigurationList = 7DE1AE10223327D20095ECCF /* Build configuration list for PBXProject "AppEight" */;
			compatibilityVersion = "Xcode 9.3";
			developmentRegion = en;
			hasScannedForEncodings = 0;
			knownRegions = (
				en,
				Base,
			);
			mainGroup = 7DE1AE0C223327D20095ECCF;
			productRefGroup = 7DE1AE16223327D20095ECCF /* Products */;
			projectDirPath = "";
			projectRoot = "";
			targets = (
				7DE1AE14223327D20095ECCF /* AppEight */,
				7DE1AE28223327D40095ECCF /* AppEightTests */,
				7DE1AE33223327D40095ECCF /* AppEightUITests */,
			);
		};
/* End PBXProject section */

/* Begin PBXResourcesBuildPhase section */
		7DE1AE13223327D20095ECCF /* Resources */ = {
			isa = PBXResourcesBuildPhase;
			buildActionMask = 2147483647;
			files = (
				7DE1AE23223327D30095ECCF /* LaunchScreen.storyboard in Resources */,
				7DE1AE20223327D30095ECCF /* Assets.xcassets in Resources */,
				7DE1AE1E223327D20095ECCF /* Main.storyboard in Resources */,
			);
			runOnlyForDeploymentPostprocessing = 0;
		};
		7DE1AE27223327D40095ECCF /* Resources */ = {
			isa = PBXResourcesBuildPhase;
			buildActionMask = 2147483647;
			files = (
			);
			runOnlyForDeploymentPostprocessing = 0;
		};
		7DE1AE32223327D40095ECCF /* Resources */ = {
			isa = PBXResourcesBuildPhase;
			buildActionMask = 2147483647;
			files = (
			);
			runOnlyForDeploymentPostprocessing = 0;
		};
/* End PBXResourcesBuildPhase section */

/* Begin PBXSourcesBuildPhase section */
		7DE1AE11223327D20095ECCF /* Sources */ = {
			isa = PBXSourcesBuildPhase;
			buildActionMask = 2147483647;
			files = (
				7DE1AE1B223327D20095ECCF /* ViewController.swift in Sources */,
				7DE1AE19223327D20095ECCF /* AppDelegate.swift in Sources */,
			);
			runOnlyForDeploymentPostprocessing = 0;
		};
		7DE1AE25223327D40095ECCF /* Sources */ = {
			isa = PBXSourcesBuildPhase;
			buildActionMask = 2147483647;
			files = (
				7DE1AE2E223327D40095ECCF /* AppEightTests.swift in Sources */,
			);
			runOnlyForDeploymentPostprocessing = 0;
		};
		7DE1AE30223327D40095ECCF /* Sources */ = {
			isa = PBXSourcesBuildPhase;
			buildActionMask = 2147483647;
			files = (
				7DE1AE39223327D40095ECCF /* AppEightUITests.swift in Sources */,
			);
			runOnlyForDeploymentPostprocessing = 0;
		};
/* End PBXSourcesBuildPhase section */

/* Begin PBXTargetDependency section */
		7DE1AE2B223327D40095ECCF /* PBXTargetDependency */ = {
			isa = PBXTargetDependency;
			target = 7DE1AE14223327D20095ECCF /* AppEight */;
			targetProxy = 7DE1AE2A223327D40095ECCF /* PBXContainerItemProxy */;
		};
		7DE1AE36223327D40095ECCF /* PBXTargetDependency */ = {
			isa = PBXTargetDependency;
			target = 7DE1AE14223327D20095ECCF /* AppEight */;
			targetProxy = 7DE1AE35223327D40095ECCF /* PBXContainerItemProxy */;
		};
/* End PBXTargetDependency section */

/* Begin PBXVariantGroup section */
		7DE1AE1C223327D20095ECCF /* Main.storyboard */ = {
			isa = PBXVariantGroup;
			children = (
				7DE1AE1D223327D20095ECCF /* Base */,
			);
			name = Main.storyboard;
			sourceTree = "<group>";
		};
		7DE1AE21223327D30095ECCF /* LaunchScreen.storyboard */ = {
			isa = PBXVariantGroup;
			children = (
				7DE1AE22223327D30095ECCF /* Base */,
			);
			name = LaunchScreen.storyboard;
			sourceTree = "<group>";
		};
/* End PBXVariantGroup section */

/* Begin XCBuildConfiguration section */
		7DE1AE3B223327D40095ECCF /* Debug */ = {
			isa = XCBuildConfiguration;
			buildSettings = {
				ALWAYS_SEARCH_USER_PATHS = NO;
				CLANG_ANALYZER_NONNULL = YES;
				CLANG_ANALYZER_NUMBER_OBJECT_CONVERSION = YES_AGGRESSIVE;
				CLANG_CXX_LANGUAGE_STANDARD = "gnu++14";
				CLANG_CXX_LIBRARY = "libc++";
				CLANG_ENABLE_MODULES = YES;
				CLANG_ENABLE_OBJC_ARC = YES;
				CLANG_ENABLE_OBJC_WEAK = YES;
				CLANG_WARN_BLOCK_CAPTURE_AUTORELEASING = YES;
				CLANG_WARN_BOOL_CONVERSION = YES;
				CLANG_WARN_COMMA = YES;
				CLANG_WARN_CONSTANT_CONVERSION = YES;
				CLANG_WARN_DEPRECATED_OBJC_IMPLEMENTATIONS = YES;
				CLANG_WARN_DIRECT_OBJC_ISA_USAGE = YES_ERROR;
				CLANG_WARN_DOCUMENTATION_COMMENTS = YES;
				CLANG_WARN_EMPTY_BODY = YES;
				CLANG_WARN_ENUM_CONVERSION = YES;
				CLANG_WARN_INFINITE_RECURSION = YES;
				CLANG_WARN_INT_CONVERSION = YES;
				CLANG_WARN_NON_LITERAL_NULL_CONVERSION = YES;
				CLANG_WARN_OBJC_IMPLICIT_RETAIN_SELF = YES;
				CLANG_WARN_OBJC_LITERAL_CONVERSION = YES;
				CLANG_WARN_OBJC_ROOT_CLASS = YES_ERROR;
				CLANG_WARN_RANGE_LOOP_ANALYSIS = YES;
				CLANG_WARN_STRICT_PROTOTYPES = YES;
				CLANG_WARN_SUSPICIOUS_MOVE = YES;
				CLANG_WARN_UNGUARDED_AVAILABILITY = YES_AGGRESSIVE;
				CLANG_WARN_UNREACHABLE_CODE = YES;
				CLANG_WARN__DUPLICATE_METHOD_MATCH = YES;
				CODE_SIGN_IDENTITY = "iPhone Developer";
				COPY_PHASE_STRIP = NO;
				DEBUG_INFORMATION_FORMAT = dwarf;
				ENABLE_STRICT_OBJC_MSGSEND = YES;
				ENABLE_TESTABILITY = YES;
				GCC_C_LANGUAGE_STANDARD = gnu11;
				GCC_DYNAMIC_NO_PIC = NO;
				GCC_NO_COMMON_BLOCKS = YES;
				GCC_OPTIMIZATION_LEVEL = 0;
				GCC_PREPROCESSOR_DEFINITIONS = (
					"DEBUG=1",
					"$(inherited)",
				);
				GCC_WARN_64_TO_32_BIT_CONVERSION = YES;
				GCC_WARN_ABOUT_RETURN_TYPE = YES_ERROR;
				GCC_WARN_UNDECLARED_SELECTOR = YES;
				GCC_WARN_UNINITIALIZED_AUTOS = YES_AGGRESSIVE;
				GCC_WARN_UNUSED_FUNCTION = YES;
				GCC_WARN_UNUSED_VARIABLE = YES;
				IPHONEOS_DEPLOYMENT_TARGET = 12.1;
				MTL_ENABLE_DEBUG_INFO = INCLUDE_SOURCE;
				MTL_FAST_MATH = YES;
				ONLY_ACTIVE_ARCH = YES;
				SDKROOT = iphoneos;
				SWIFT_ACTIVE_COMPILATION_CONDITIONS = DEBUG;
				SWIFT_OPTIMIZATION_LEVEL = "-Onone";
			};
			name = Debug;
		};
		7DE1AE3C223327D40095ECCF /* Release */ = {
			isa = XCBuildConfiguration;
			buildSettings = {
				ALWAYS_SEARCH_USER_PATHS = NO;
				CLANG_ANALYZER_NONNULL = YES;
				CLANG_ANALYZER_NUMBER_OBJECT_CONVERSION = YES_AGGRESSIVE;
				CLANG_CXX_LANGUAGE_STANDARD = "gnu++14";
				CLANG_CXX_LIBRARY = "libc++";
				CLANG_ENABLE_MODULES = YES;
				CLANG_ENABLE_OBJC_ARC = YES;
				CLANG_ENABLE_OBJC_WEAK = YES;
				CLANG_WARN_BLOCK_CAPTURE_AUTORELEASING = YES;
				CLANG_WARN_BOOL_CONVERSION = YES;
				CLANG_WARN_COMMA = YES;
				CLANG_WARN_CONSTANT_CONVERSION = YES;
				CLANG_WARN_DEPRECATED_OBJC_IMPLEMENTATIONS = YES;
				CLANG_WARN_DIRECT_OBJC_ISA_USAGE = YES_ERROR;
				CLANG_WARN_DOCUMENTATION_COMMENTS = YES;
				CLANG_WARN_EMPTY_BODY = YES;
				CLANG_WARN_ENUM_CONVERSION = YES;
				CLANG_WARN_INFINITE_RECURSION = YES;
				CLANG_WARN_INT_CONVERSION = YES;
				CLANG_WARN_NON_LITERAL_NULL_CONVERSION = YES;
				CLANG_WARN_OBJC_IMPLICIT_RETAIN_SELF = YES;
				CLANG_WARN_OBJC_LITERAL_CONVERSION = YES;
				CLANG_WARN_OBJC_ROOT_CLASS = YES_ERROR;
				CLANG_WARN_RANGE_LOOP_ANALYSIS = YES;
				CLANG_WARN_STRICT_PROTOTYPES = YES;
				CLANG_WARN_SUSPICIOUS_MOVE = YES;
				CLANG_WARN_UNGUARDED_AVAILABILITY = YES_AGGRESSIVE;
				CLANG_WARN_UNREACHABLE_CODE = YES;
				CLANG_WARN__DUPLICATE_METHOD_MATCH = YES;
				CODE_SIGN_IDENTITY = "iPhone Developer";
				COPY_PHASE_STRIP = NO;
				DEBUG_INFORMATION_FORMAT = "dwarf-with-dsym";
				ENABLE_NS_ASSERTIONS = NO;
				ENABLE_STRICT_OBJC_MSGSEND = YES;
				GCC_C_LANGUAGE_STANDARD = gnu11;
				GCC_NO_COMMON_BLOCKS = YES;
				GCC_WARN_64_TO_32_BIT_CONVERSION = YES;
				GCC_WARN_ABOUT_RETURN_TYPE = YES_ERROR;
				GCC_WARN_UNDECLARED_SELECTOR = YES;
				GCC_WARN_UNINITIALIZED_AUTOS = YES_AGGRESSIVE;
				GCC_WARN_UNUSED_FUNCTION = YES;
				GCC_WARN_UNUSED_VARIABLE = YES;
				IPHONEOS_DEPLOYMENT_TARGET = 12.1;
				MTL_ENABLE_DEBUG_INFO = NO;
				MTL_FAST_MATH = YES;
				SDKROOT = iphoneos;
				SWIFT_COMPILATION_MODE = wholemodule;
				SWIFT_OPTIMIZATION_LEVEL = "-O";
				VALIDATE_PRODUCT = YES;
			};
			name = Release;
		};
		7DE1AE3E223327D40095ECCF /* Debug */ = {
			isa = XCBuildConfiguration;
			buildSettings = {
				ASSETCATALOG_COMPILER_APPICON_NAME = AppIcon;
				CODE_SIGN_STYLE = Automatic;
				INFOPLIST_FILE = AppEight/Info.plist;
				LD_RUNPATH_SEARCH_PATHS = (
					"$(inherited)",
					"@executable_path/Frameworks",
				);
				PRODUCT_BUNDLE_IDENTIFIER = com.schock.AppEight;
				PRODUCT_NAME = "$(TARGET_NAME)";
				SWIFT_VERSION = 4.2;
				TARGETED_DEVICE_FAMILY = "1,2";
			};
			name = Debug;
		};
		7DE1AE3F223327D40095ECCF /* Release */ = {
			isa = XCBuildConfiguration;
			buildSettings = {
				ASSETCATALOG_COMPILER_APPICON_NAME = AppIcon;
				CODE_SIGN_STYLE = Automatic;
				INFOPLIST_FILE = AppEight/Info.plist;
				LD_RUNPATH_SEARCH_PATHS = (
					"$(inherited)",
					"@executable_path/Frameworks",
				);
				PRODUCT_BUNDLE_IDENTIFIER = com.schock.AppEight;
				PRODUCT_NAME = "$(TARGET_NAME)";
				SWIFT_VERSION = 4.2;
				TARGETED_DEVICE_FAMILY = "1,2";
			};
			name = Release;
		};
		7DE1AE41223327D40095ECCF /* Debug */ = {
			isa = XCBuildConfiguration;
			buildSettings = {
				ALWAYS_EMBED_SWIFT_STANDARD_LIBRARIES = YES;
				BUNDLE_LOADER = "$(TEST_HOST)";
				CODE_SIGN_STYLE = Automatic;
				INFOPLIST_FILE = AppEightTests/Info.plist;
				LD_RUNPATH_SEARCH_PATHS = (
					"$(inherited)",
					"@executable_path/Frameworks",
					"@loader_path/Frameworks",
				);
				PRODUCT_BUNDLE_IDENTIFIER = com.schock.AppEightTests;
				PRODUCT_NAME = "$(TARGET_NAME)";
				SWIFT_VERSION = 4.2;
				TARGETED_DEVICE_FAMILY = "1,2";
				TEST_HOST = "$(BUILT_PRODUCTS_DIR)/AppEight.app/AppEight";
			};
			name = Debug;
		};
		7DE1AE42223327D40095ECCF /* Release */ = {
			isa = XCBuildConfiguration;
			buildSettings = {
				ALWAYS_EMBED_SWIFT_STANDARD_LIBRARIES = YES;
				BUNDLE_LOADER = "$(TEST_HOST)";
				CODE_SIGN_STYLE = Automatic;
				INFOPLIST_FILE = AppEightTests/Info.plist;
				LD_RUNPATH_SEARCH_PATHS = (
					"$(inherited)",
					"@executable_path/Frameworks",
					"@loader_path/Frameworks",
				);
				PRODUCT_BUNDLE_IDENTIFIER = com.schock.AppEightTests;
				PRODUCT_NAME = "$(TARGET_NAME)";
				SWIFT_VERSION = 4.2;
				TARGETED_DEVICE_FAMILY = "1,2";
				TEST_HOST = "$(BUILT_PRODUCTS_DIR)/AppEight.app/AppEight";
			};
			name = Release;
		};
		7DE1AE44223327D40095ECCF /* Debug */ = {
			isa = XCBuildConfiguration;
			buildSettings = {
				ALWAYS_EMBED_SWIFT_STANDARD_LIBRARIES = YES;
				CODE_SIGN_STYLE = Automatic;
				INFOPLIST_FILE = AppEightUITests/Info.plist;
				LD_RUNPATH_SEARCH_PATHS = (
					"$(inherited)",
					"@executable_path/Frameworks",
					"@loader_path/Frameworks",
				);
				PRODUCT_BUNDLE_IDENTIFIER = com.schock.AppEightUITests;
				PRODUCT_NAME = "$(TARGET_NAME)";
				SWIFT_VERSION = 4.2;
				TARGETED_DEVICE_FAMILY = "1,2";
				TEST_TARGET_NAME = AppEight;
			};
			name = Debug;
		};
		7DE1AE45223327D40095ECCF /* Release */ = {
			isa = XCBuildConfiguration;
			buildSettings = {
				ALWAYS_EMBED_SWIFT_STANDARD_LIBRARIES = YES;
				CODE_SIGN_STYLE = Automatic;
				INFOPLIST_FILE = AppEightUITests/Info.plist;
				LD_RUNPATH_SEARCH_PATHS = (
					"$(inherited)",
					"@executable_path/Frameworks",
					"@loader_path/Frameworks",
				);
				PRODUCT_BUNDLE_IDENTIFIER = com.schock.AppEightUITests;
				PRODUCT_NAME = "$(TARGET_NAME)";
				SWIFT_VERSION = 4.2;
				TARGETED_DEVICE_FAMILY = "1,2";
				TEST_TARGET_NAME = AppEight;
			};
			name = Release;
		};
/* End XCBuildConfiguration section */

/* Begin XCConfigurationList section */
		7DE1AE10223327D20095ECCF /* Build configuration list for PBXProject "AppEight" */ = {
			isa = XCConfigurationList;
			buildConfigurations = (
				7DE1AE3B223327D40095ECCF /* Debug */,
				7DE1AE3C223327D40095ECCF /* Release */,
			);
			defaultConfigurationIsVisible = 0;
			defaultConfigurationName = Release;
		};
		7DE1AE3D223327D40095ECCF /* Build configuration list for PBXNativeTarget "AppEight" */ = {
			isa = XCConfigurationList;
			buildConfigurations = (
				7DE1AE3E223327D40095ECCF /* Debug */,
				7DE1AE3F223327D40095ECCF /* Release */,
			);
			defaultConfigurationIsVisible = 0;
			defaultConfigurationName = Release;
		};
		7DE1AE40223327D40095ECCF /* Build configuration list for PBXNativeTarget "AppEightTests" */ = {
			isa = XCConfigurationList;
			buildConfigurations = (
				7DE1AE41223327D40095ECCF /* Debug */,
				7DE1AE42223327D40095ECCF /* Release */,
			);
			defaultConfigurationIsVisible = 0;
			defaultConfigurationName = Release;
		};
		7DE1AE43223327D40095ECCF /* Build configuration list for PBXNativeTarget "AppEightUITests" */ = {
			isa = XCConfigurationList;
			buildConfigurations = (
				7DE1AE44223327D40095ECCF /* Debug */,
				7DE1AE45223327D40095ECCF /* Release */,
			);
			defaultConfigurationIsVisible = 0;
			defaultConfigurationName = Release;
		};
/* End XCConfigurationList section */
	};
	rootObject = 7DE1AE0D223327D20095ECCF /* Project object */;
}
